// !$*UTF8*$!
{
	archiveVersion = 1;
	classes = {
	};
	objectVersion = 46;
	objects = {

/* Begin PBXBuildFile section */
		133CDCF619D98A3C00B8120D /* SKKDelegate.swift in Sources */ = {isa = PBXBuildFile; fileRef = 133CDCF519D98A3B00B8120D /* SKKDelegate.swift */; };
		133CDCF919D98ADA00B8120D /* KeyEvent.swift in Sources */ = {isa = PBXBuildFile; fileRef = 133CDCF819D98ADA00B8120D /* KeyEvent.swift */; };
		133CDCFB19D98DAB00B8120D /* SKKSession.swift in Sources */ = {isa = PBXBuildFile; fileRef = 133CDCFA19D98DAB00B8120D /* SKKSession.swift */; };
		1341A24919E96A7F00EE8AFA /* SKKDictionaryLocalFileSpec.swift in Sources */ = {isa = PBXBuildFile; fileRef = 1341A24819E96A7F00EE8AFA /* SKKDictionaryLocalFileSpec.swift */; };
		136D160F19DA86690091D6BF /* CandidateDataSource.swift in Sources */ = {isa = PBXBuildFile; fileRef = 136D160E19DA86690091D6BF /* CandidateDataSource.swift */; };
		136D161119DAA0AE0091D6BF /* SKKInputMode.swift in Sources */ = {isa = PBXBuildFile; fileRef = 136D161019DAA0AE0091D6BF /* SKKInputMode.swift */; };
		136D161519DAEBE90091D6BF /* InputMode.swift in Sources */ = {isa = PBXBuildFile; fileRef = 136D161419DAEBE90091D6BF /* InputMode.swift */; };
		136F409919E9D5ED009E3983 /* SKKDictionaryUserFileSpec.swift in Sources */ = {isa = PBXBuildFile; fileRef = 136F409819E9D5ED009E3983 /* SKKDictionaryUserFileSpec.swift */; };
		1388669A1A09202500B7D8A4 /* SKKDictionaryEntry.swift in Sources */ = {isa = PBXBuildFile; fileRef = 138866981A09202500B7D8A4 /* SKKDictionaryEntry.swift */; };
		1388669B1A09204300B7D8A4 /* SKKDictionaryEntry.swift in Sources */ = {isa = PBXBuildFile; fileRef = 138866981A09202500B7D8A4 /* SKKDictionaryEntry.swift */; };
		1388669C1A0920D500B7D8A4 /* SKKDictionaryEntry.swift in Sources */ = {isa = PBXBuildFile; fileRef = 138866981A09202500B7D8A4 /* SKKDictionaryEntry.swift */; };
		1393DF4C19E0EDB500175343 /* WordRegisterSession.swift in Sources */ = {isa = PBXBuildFile; fileRef = 1393DF4B19E0EDB500175343 /* WordRegisterSession.swift */; };
		1393DF5019E0EEE200175343 /* BaseSession.swift in Sources */ = {isa = PBXBuildFile; fileRef = 1393DF4F19E0EEE200175343 /* BaseSession.swift */; };
		1394A9B119E2D83C00F01BF0 /* Quick.framework in Frameworks */ = {isa = PBXBuildFile; fileRef = 1394A99B19E2D80300F01BF0 /* Quick.framework */; };
		1394A9B519E2D97D00F01BF0 /* Nimble.framework in Frameworks */ = {isa = PBXBuildFile; fileRef = 1394A9AA19E2D81200F01BF0 /* Nimble.framework */; };
		13A454FC19E2DAC30039390A /* UtilitiesSpec.swift in Sources */ = {isa = PBXBuildFile; fileRef = 13A454FB19E2DAC30039390A /* UtilitiesSpec.swift */; };
		13D118CD19D99923009E9E79 /* skk.jisyo in Resources */ = {isa = PBXBuildFile; fileRef = 13D118C719D99923009E9E79 /* skk.jisyo */; };
		13D118D019D9994D009E9E79 /* SKKDictionary.swift in Sources */ = {isa = PBXBuildFile; fileRef = 13D118CE19D9994D009E9E79 /* SKKDictionary.swift */; };
		13DFEABA19F079C5006D7E40 /* SKKDictionaryFile.swift in Sources */ = {isa = PBXBuildFile; fileRef = 13DFEAB919F079C5006D7E40 /* SKKDictionaryFile.swift */; };
		13DFEAC419F07A1F006D7E40 /* SKKDictionaryFile.swift in Sources */ = {isa = PBXBuildFile; fileRef = 13DFEAB919F079C5006D7E40 /* SKKDictionaryFile.swift */; };
		13DFEAC619F07A3C006D7E40 /* SKKUserDictionaryFile.swift in Sources */ = {isa = PBXBuildFile; fileRef = 13DFEAC519F07A3C006D7E40 /* SKKUserDictionaryFile.swift */; };
		13DFEAC819F07A54006D7E40 /* SKKLocalDictionaryFile.swift in Sources */ = {isa = PBXBuildFile; fileRef = 13DFEAC719F07A54006D7E40 /* SKKLocalDictionaryFile.swift */; };
		13DFEAC919F07AC6006D7E40 /* SKKUserDictionaryFile.swift in Sources */ = {isa = PBXBuildFile; fileRef = 13DFEAC519F07A3C006D7E40 /* SKKUserDictionaryFile.swift */; };
		13DFEACA19F07AC8006D7E40 /* SKKLocalDictionaryFile.swift in Sources */ = {isa = PBXBuildFile; fileRef = 13DFEAC719F07A54006D7E40 /* SKKLocalDictionaryFile.swift */; };
		13E29D2119E43E9D0097DFCD /* SKKSessionSpec.swift in Sources */ = {isa = PBXBuildFile; fileRef = 13E29D2019E43E9D0097DFCD /* SKKSessionSpec.swift */; };
		13F4525419DC5399001A4A1B /* IOUtil.mm in Sources */ = {isa = PBXBuildFile; fileRef = 13F4525319DC5399001A4A1B /* IOUtil.mm */; };
		13F9325819E2DBFC00AC5019 /* Utilities.swift in Sources */ = {isa = PBXBuildFile; fileRef = EAD4B59819D80AF3007B6636 /* Utilities.swift */; };
		13F9326119E2DC1700AC5019 /* SKKDelegate.swift in Sources */ = {isa = PBXBuildFile; fileRef = 133CDCF519D98A3B00B8120D /* SKKDelegate.swift */; };
		13F9326219E2DC1700AC5019 /* KeyEvent.swift in Sources */ = {isa = PBXBuildFile; fileRef = 133CDCF819D98ADA00B8120D /* KeyEvent.swift */; };
		13F9326319E2DC1700AC5019 /* SKKDictionary.swift in Sources */ = {isa = PBXBuildFile; fileRef = 13D118CE19D9994D009E9E79 /* SKKDictionary.swift */; };
		13F9326419E2DC1700AC5019 /* SKKInputMode.swift in Sources */ = {isa = PBXBuildFile; fileRef = 136D161019DAA0AE0091D6BF /* SKKInputMode.swift */; };
		13F9326619E2DC1700AC5019 /* IOUtil.mm in Sources */ = {isa = PBXBuildFile; fileRef = 13F4525319DC5399001A4A1B /* IOUtil.mm */; };
		13F9326719E2DC1700AC5019 /* InputMode.swift in Sources */ = {isa = PBXBuildFile; fileRef = 136D161419DAEBE90091D6BF /* InputMode.swift */; };
		13F9326819E2DC1700AC5019 /* WordRegisterSession.swift in Sources */ = {isa = PBXBuildFile; fileRef = 1393DF4B19E0EDB500175343 /* WordRegisterSession.swift */; };
		13F9326919E2DC1700AC5019 /* SKKSession.swift in Sources */ = {isa = PBXBuildFile; fileRef = 133CDCFA19D98DAB00B8120D /* SKKSession.swift */; };
		13F9326A19E2DC1700AC5019 /* BaseSession.swift in Sources */ = {isa = PBXBuildFile; fileRef = 1393DF4F19E0EEE200175343 /* BaseSession.swift */; };
		13F9326B19E2DC1700AC5019 /* KeyboardViewController.swift in Sources */ = {isa = PBXBuildFile; fileRef = EAD4B58D19D5CB8A007B6636 /* KeyboardViewController.swift */; };
		13F9326C19E2DC1700AC5019 /* CandidateDataSource.swift in Sources */ = {isa = PBXBuildFile; fileRef = 136D160E19DA86690091D6BF /* CandidateDataSource.swift */; };
		13F9326D19E2DC1700AC5019 /* KeyPad.swift in Sources */ = {isa = PBXBuildFile; fileRef = EA985FE519D84AAE0043564C /* KeyPad.swift */; };
		13F9326E19E2DC1700AC5019 /* KeyButton.swift in Sources */ = {isa = PBXBuildFile; fileRef = EA985FE719D84D060043564C /* KeyButton.swift */; };
		13F9326F19E2DC1700AC5019 /* KeyButtonFlickPopup.swift in Sources */ = {isa = PBXBuildFile; fileRef = EA2D4D7E19E173EC00607C35 /* KeyButtonFlickPopup.swift */; };
		BDB55BD40232F36069D06BEA /* libPods.a in Frameworks */ = {isa = PBXBuildFile; fileRef = 0CA289C0ED7662F2EF0F3718 /* libPods.a */; };
		D3C6CB3D1AD977725CC25D71 /* libPods.a in Frameworks */ = {isa = PBXBuildFile; fileRef = 0CA289C0ED7662F2EF0F3718 /* libPods.a */; };
		EA075F7F19DED7A4009AEF9F /* KeyboardSpacerView.swift in Sources */ = {isa = PBXBuildFile; fileRef = EA075F7E19DED7A4009AEF9F /* KeyboardSpacerView.swift */; };
		EA075F8019DED8C3009AEF9F /* Utilities.swift in Sources */ = {isa = PBXBuildFile; fileRef = EAD4B59819D80AF3007B6636 /* Utilities.swift */; };
		EA28E7F51A21D3B8005DF803 /* LaunchScreen.xib in Resources */ = {isa = PBXBuildFile; fileRef = EA28E7F41A21D3B8005DF803 /* LaunchScreen.xib */; };
		EA2D4D7F19E173EC00607C35 /* KeyButtonFlickPopup.swift in Sources */ = {isa = PBXBuildFile; fileRef = EA2D4D7E19E173EC00607C35 /* KeyButtonFlickPopup.swift */; };
		EA892D5719FBE70400265181 /* iTunesArtwork in Resources */ = {isa = PBXBuildFile; fileRef = EA892D5519FBE70400265181 /* iTunesArtwork */; };
		EA892D5819FBE70400265181 /* iTunesArtwork@2x in Resources */ = {isa = PBXBuildFile; fileRef = EA892D5619FBE70400265181 /* iTunesArtwork@2x */; };
		EA985FE619D84AAE0043564C /* KeyPad.swift in Sources */ = {isa = PBXBuildFile; fileRef = EA985FE519D84AAE0043564C /* KeyPad.swift */; };
		EA985FE819D84D060043564C /* KeyButton.swift in Sources */ = {isa = PBXBuildFile; fileRef = EA985FE719D84D060043564C /* KeyButton.swift */; };
		EACD529A19F3F0C4001FB2A7 /* Localizable.strings in Resources */ = {isa = PBXBuildFile; fileRef = EACD529D19F3F0C4001FB2A7 /* Localizable.strings */; };
		EACD529B19F3F0C4001FB2A7 /* Localizable.strings in Resources */ = {isa = PBXBuildFile; fileRef = EACD529D19F3F0C4001FB2A7 /* Localizable.strings */; };
		EACD52A119F3F2EC001FB2A7 /* WebViewController.swift in Sources */ = {isa = PBXBuildFile; fileRef = EACD52A019F3F2EC001FB2A7 /* WebViewController.swift */; };
		EACD52A419F3F58B001FB2A7 /* html in Resources */ = {isa = PBXBuildFile; fileRef = EACD52A319F3F58B001FB2A7 /* html */; };
		EACD52AA19F3FD43001FB2A7 /* UserDictionaryViewController.swift in Sources */ = {isa = PBXBuildFile; fileRef = EACD52A919F3FD43001FB2A7 /* UserDictionaryViewController.swift */; };
		EACD52B319F3FECF001FB2A7 /* SKKDictionary.swift in Sources */ = {isa = PBXBuildFile; fileRef = 13D118CE19D9994D009E9E79 /* SKKDictionary.swift */; };
		EACD52B419F3FEE4001FB2A7 /* SKKUserDictionaryFile.swift in Sources */ = {isa = PBXBuildFile; fileRef = 13DFEAC519F07A3C006D7E40 /* SKKUserDictionaryFile.swift */; };
		EACD52B519F3FEF1001FB2A7 /* SKKDictionaryFile.swift in Sources */ = {isa = PBXBuildFile; fileRef = 13DFEAB919F079C5006D7E40 /* SKKDictionaryFile.swift */; };
		EACD52B619F3FEFD001FB2A7 /* SKKLocalDictionaryFile.swift in Sources */ = {isa = PBXBuildFile; fileRef = 13DFEAC719F07A54006D7E40 /* SKKLocalDictionaryFile.swift */; };
		EACD52B719F3FF0F001FB2A7 /* IOUtil.mm in Sources */ = {isa = PBXBuildFile; fileRef = 13F4525319DC5399001A4A1B /* IOUtil.mm */; };
		EAD4B56619D5CB50007B6636 /* AppDelegate.swift in Sources */ = {isa = PBXBuildFile; fileRef = EAD4B56519D5CB50007B6636 /* AppDelegate.swift */; };
		EAD4B56819D5CB50007B6636 /* MainMenuViewController.swift in Sources */ = {isa = PBXBuildFile; fileRef = EAD4B56719D5CB50007B6636 /* MainMenuViewController.swift */; };
		EAD4B56D19D5CB50007B6636 /* Images.xcassets in Resources */ = {isa = PBXBuildFile; fileRef = EAD4B56C19D5CB50007B6636 /* Images.xcassets */; };
		EAD4B58E19D5CB8A007B6636 /* KeyboardViewController.swift in Sources */ = {isa = PBXBuildFile; fileRef = EAD4B58D19D5CB8A007B6636 /* KeyboardViewController.swift */; };
		EAD4B59119D5CB8A007B6636 /* FlickSKKKeyboard.appex in Embed App Extensions */ = {isa = PBXBuildFile; fileRef = EAD4B58919D5CB8A007B6636 /* FlickSKKKeyboard.appex */; settings = {ATTRIBUTES = (RemoveHeadersOnCopy, ); }; };
		EAD4B59919D80AF3007B6636 /* Utilities.swift in Sources */ = {isa = PBXBuildFile; fileRef = EAD4B59819D80AF3007B6636 /* Utilities.swift */; };
		EAF1DB6F19FBFDFD00816CF5 /* AppGroup.m in Sources */ = {isa = PBXBuildFile; fileRef = EAF1DB6E19FBFDFD00816CF5 /* AppGroup.m */; };
		EAF1DB7019FBFDFD00816CF5 /* AppGroup.m in Sources */ = {isa = PBXBuildFile; fileRef = EAF1DB6E19FBFDFD00816CF5 /* AppGroup.m */; };
/* End PBXBuildFile section */

/* Begin PBXContainerItemProxy section */
		1394A99A19E2D80300F01BF0 /* PBXContainerItemProxy */ = {
			isa = PBXContainerItemProxy;
			containerPortal = 1394A99219E2D80300F01BF0 /* Quick.xcodeproj */;
			proxyType = 2;
			remoteGlobalIDString = DAEB6B8E1943873100289F44;
			remoteInfo = Quick;
		};
		1394A99C19E2D80300F01BF0 /* PBXContainerItemProxy */ = {
			isa = PBXContainerItemProxy;
			containerPortal = 1394A99219E2D80300F01BF0 /* Quick.xcodeproj */;
			proxyType = 2;
			remoteGlobalIDString = DAEB6B991943873100289F44;
			remoteInfo = QuickTests;
		};
		1394A99E19E2D80300F01BF0 /* PBXContainerItemProxy */ = {
			isa = PBXContainerItemProxy;
			containerPortal = 1394A99219E2D80300F01BF0 /* Quick.xcodeproj */;
			proxyType = 2;
			remoteGlobalIDString = 5A5D117C19473F2100F6D13D;
			remoteInfo = "Quick-iOS";
		};
		1394A9A019E2D80300F01BF0 /* PBXContainerItemProxy */ = {
			isa = PBXContainerItemProxy;
			containerPortal = 1394A99219E2D80300F01BF0 /* Quick.xcodeproj */;
			proxyType = 2;
			remoteGlobalIDString = 5A5D118619473F2100F6D13D;
			remoteInfo = "Quick-iOSTests";
		};
		1394A9A919E2D81200F01BF0 /* PBXContainerItemProxy */ = {
			isa = PBXContainerItemProxy;
			containerPortal = 1394A9A219E2D81200F01BF0 /* Nimble.xcodeproj */;
			proxyType = 2;
			remoteGlobalIDString = 1F1A74291940169200FFFC47;
			remoteInfo = "Nimble-iOS";
		};
		1394A9AB19E2D81200F01BF0 /* PBXContainerItemProxy */ = {
			isa = PBXContainerItemProxy;
			containerPortal = 1394A9A219E2D81200F01BF0 /* Nimble.xcodeproj */;
			proxyType = 2;
			remoteGlobalIDString = 1F1A74341940169200FFFC47;
			remoteInfo = "Nimble-iOSTests";
		};
		1394A9AD19E2D81200F01BF0 /* PBXContainerItemProxy */ = {
			isa = PBXContainerItemProxy;
			containerPortal = 1394A9A219E2D81200F01BF0 /* Nimble.xcodeproj */;
			proxyType = 2;
			remoteGlobalIDString = 1F925EAD195C0D6300ED456B;
			remoteInfo = "Nimble-OSX";
		};
		1394A9AF19E2D81200F01BF0 /* PBXContainerItemProxy */ = {
			isa = PBXContainerItemProxy;
			containerPortal = 1394A9A219E2D81200F01BF0 /* Nimble.xcodeproj */;
			proxyType = 2;
			remoteGlobalIDString = 1F925EB7195C0D6300ED456B;
			remoteInfo = "Nimble-OSXTests";
		};
		1394A9B319E2D97200F01BF0 /* PBXContainerItemProxy */ = {
			isa = PBXContainerItemProxy;
			containerPortal = EAD4B55819D5CB50007B6636 /* Project object */;
			proxyType = 1;
			remoteGlobalIDString = EAD4B58819D5CB8A007B6636;
			remoteInfo = FlickSKKKeyboard;
		};
		13A454F119E2DA3B0039390A /* PBXContainerItemProxy */ = {
			isa = PBXContainerItemProxy;
			containerPortal = EAD4B55819D5CB50007B6636 /* Project object */;
			proxyType = 1;
			remoteGlobalIDString = EAD4B55F19D5CB50007B6636;
			remoteInfo = FlickSKK;
		};
		EAD4B58F19D5CB8A007B6636 /* PBXContainerItemProxy */ = {
			isa = PBXContainerItemProxy;
			containerPortal = EAD4B55819D5CB50007B6636 /* Project object */;
			proxyType = 1;
			remoteGlobalIDString = EAD4B58819D5CB8A007B6636;
			remoteInfo = FlickSKKKeyboard;
		};
		EAD4B59219D5CB8A007B6636 /* PBXContainerItemProxy */ = {
			isa = PBXContainerItemProxy;
			containerPortal = EAD4B55819D5CB50007B6636 /* Project object */;
			proxyType = 1;
			remoteGlobalIDString = EAD4B58819D5CB8A007B6636;
			remoteInfo = FlickSKKKeyboard;
		};
/* End PBXContainerItemProxy section */

/* Begin PBXCopyFilesBuildPhase section */
		EAD4B59719D5CB8A007B6636 /* Embed App Extensions */ = {
			isa = PBXCopyFilesBuildPhase;
			buildActionMask = 2147483647;
			dstPath = "";
			dstSubfolderSpec = 13;
			files = (
				EAD4B59119D5CB8A007B6636 /* FlickSKKKeyboard.appex in Embed App Extensions */,
			);
			name = "Embed App Extensions";
			runOnlyForDeploymentPostprocessing = 0;
		};
/* End PBXCopyFilesBuildPhase section */

/* Begin PBXFileReference section */
		0CA289C0ED7662F2EF0F3718 /* libPods.a */ = {isa = PBXFileReference; explicitFileType = archive.ar; includeInIndex = 0; path = libPods.a; sourceTree = BUILT_PRODUCTS_DIR; };
		133CDCF519D98A3B00B8120D /* SKKDelegate.swift */ = {isa = PBXFileReference; fileEncoding = 4; lastKnownFileType = sourcecode.swift; path = SKKDelegate.swift; sourceTree = "<group>"; };
		133CDCF819D98ADA00B8120D /* KeyEvent.swift */ = {isa = PBXFileReference; fileEncoding = 4; lastKnownFileType = sourcecode.swift; path = KeyEvent.swift; sourceTree = "<group>"; };
		133CDCFA19D98DAB00B8120D /* SKKSession.swift */ = {isa = PBXFileReference; fileEncoding = 4; lastKnownFileType = sourcecode.swift; path = SKKSession.swift; sourceTree = "<group>"; };
		1341A24819E96A7F00EE8AFA /* SKKDictionaryLocalFileSpec.swift */ = {isa = PBXFileReference; fileEncoding = 4; lastKnownFileType = sourcecode.swift; path = SKKDictionaryLocalFileSpec.swift; sourceTree = "<group>"; };
		136D160E19DA86690091D6BF /* CandidateDataSource.swift */ = {isa = PBXFileReference; fileEncoding = 4; lastKnownFileType = sourcecode.swift; path = CandidateDataSource.swift; sourceTree = "<group>"; };
		136D161019DAA0AE0091D6BF /* SKKInputMode.swift */ = {isa = PBXFileReference; fileEncoding = 4; lastKnownFileType = sourcecode.swift; path = SKKInputMode.swift; sourceTree = "<group>"; };
		136D161419DAEBE90091D6BF /* InputMode.swift */ = {isa = PBXFileReference; fileEncoding = 4; lastKnownFileType = sourcecode.swift; path = InputMode.swift; sourceTree = "<group>"; };
		136F409819E9D5ED009E3983 /* SKKDictionaryUserFileSpec.swift */ = {isa = PBXFileReference; fileEncoding = 4; lastKnownFileType = sourcecode.swift; path = SKKDictionaryUserFileSpec.swift; sourceTree = "<group>"; };
		138866981A09202500B7D8A4 /* SKKDictionaryEntry.swift */ = {isa = PBXFileReference; fileEncoding = 4; lastKnownFileType = sourcecode.swift; path = SKKDictionaryEntry.swift; sourceTree = "<group>"; };
		1393DF4B19E0EDB500175343 /* WordRegisterSession.swift */ = {isa = PBXFileReference; fileEncoding = 4; lastKnownFileType = sourcecode.swift; path = WordRegisterSession.swift; sourceTree = "<group>"; };
		1393DF4F19E0EEE200175343 /* BaseSession.swift */ = {isa = PBXFileReference; fileEncoding = 4; lastKnownFileType = sourcecode.swift; path = BaseSession.swift; sourceTree = "<group>"; };
		1394A99219E2D80300F01BF0 /* Quick.xcodeproj */ = {isa = PBXFileReference; lastKnownFileType = "wrapper.pb-project"; name = Quick.xcodeproj; path = Vendor/Quick/Quick/Quick.xcodeproj; sourceTree = SOURCE_ROOT; };
		1394A9A219E2D81200F01BF0 /* Nimble.xcodeproj */ = {isa = PBXFileReference; lastKnownFileType = "wrapper.pb-project"; name = Nimble.xcodeproj; path = Vendor/Nimble/Nimble.xcodeproj; sourceTree = SOURCE_ROOT; };
		13A454FB19E2DAC30039390A /* UtilitiesSpec.swift */ = {isa = PBXFileReference; fileEncoding = 4; lastKnownFileType = sourcecode.swift; path = UtilitiesSpec.swift; sourceTree = "<group>"; };
		13D118C719D99923009E9E79 /* skk.jisyo */ = {isa = PBXFileReference; fileEncoding = 4; lastKnownFileType = text; path = skk.jisyo; sourceTree = "<group>"; };
		13D118CE19D9994D009E9E79 /* SKKDictionary.swift */ = {isa = PBXFileReference; fileEncoding = 4; lastKnownFileType = sourcecode.swift; path = SKKDictionary.swift; sourceTree = "<group>"; };
		13DFEAB919F079C5006D7E40 /* SKKDictionaryFile.swift */ = {isa = PBXFileReference; fileEncoding = 4; lastKnownFileType = sourcecode.swift; path = SKKDictionaryFile.swift; sourceTree = "<group>"; };
		13DFEAC519F07A3C006D7E40 /* SKKUserDictionaryFile.swift */ = {isa = PBXFileReference; fileEncoding = 4; lastKnownFileType = sourcecode.swift; path = SKKUserDictionaryFile.swift; sourceTree = "<group>"; };
		13DFEAC719F07A54006D7E40 /* SKKLocalDictionaryFile.swift */ = {isa = PBXFileReference; fileEncoding = 4; lastKnownFileType = sourcecode.swift; path = SKKLocalDictionaryFile.swift; sourceTree = "<group>"; };
		13E29D2019E43E9D0097DFCD /* SKKSessionSpec.swift */ = {isa = PBXFileReference; fileEncoding = 4; lastKnownFileType = sourcecode.swift; path = SKKSessionSpec.swift; sourceTree = "<group>"; };
		13F4525119DC538B001A4A1B /* IOUtil.h */ = {isa = PBXFileReference; lastKnownFileType = sourcecode.c.h; path = IOUtil.h; sourceTree = "<group>"; };
		13F4525319DC5399001A4A1B /* IOUtil.mm */ = {isa = PBXFileReference; fileEncoding = 4; lastKnownFileType = sourcecode.cpp.objcpp; path = IOUtil.mm; sourceTree = "<group>"; };
		70E538640700B5CE0D567B64 /* Pods.debug.xcconfig */ = {isa = PBXFileReference; includeInIndex = 1; lastKnownFileType = text.xcconfig; name = Pods.debug.xcconfig; path = "Pods/Target Support Files/Pods/Pods.debug.xcconfig"; sourceTree = "<group>"; };
		EA075F7E19DED7A4009AEF9F /* KeyboardSpacerView.swift */ = {isa = PBXFileReference; fileEncoding = 4; lastKnownFileType = sourcecode.swift; path = KeyboardSpacerView.swift; sourceTree = "<group>"; };
		EA28E7F41A21D3B8005DF803 /* LaunchScreen.xib */ = {isa = PBXFileReference; fileEncoding = 4; lastKnownFileType = file.xib; path = LaunchScreen.xib; sourceTree = "<group>"; };
		EA2D4D7E19E173EC00607C35 /* KeyButtonFlickPopup.swift */ = {isa = PBXFileReference; fileEncoding = 4; lastKnownFileType = sourcecode.swift; path = KeyButtonFlickPopup.swift; sourceTree = "<group>"; };
		EA892D5519FBE70400265181 /* iTunesArtwork */ = {isa = PBXFileReference; lastKnownFileType = file; path = iTunesArtwork; sourceTree = "<group>"; };
		EA892D5619FBE70400265181 /* iTunesArtwork@2x */ = {isa = PBXFileReference; lastKnownFileType = file; path = "iTunesArtwork@2x"; sourceTree = "<group>"; };
		EA985FE519D84AAE0043564C /* KeyPad.swift */ = {isa = PBXFileReference; fileEncoding = 4; lastKnownFileType = sourcecode.swift; path = KeyPad.swift; sourceTree = "<group>"; };
		EA985FE719D84D060043564C /* KeyButton.swift */ = {isa = PBXFileReference; fileEncoding = 4; lastKnownFileType = sourcecode.swift; path = KeyButton.swift; sourceTree = "<group>"; };
		EACD529E19F3F18D001FB2A7 /* ja */ = {isa = PBXFileReference; lastKnownFileType = text.plist.strings; name = ja; path = ja.lproj/Localizable.strings; sourceTree = "<group>"; };
		EACD52A019F3F2EC001FB2A7 /* WebViewController.swift */ = {isa = PBXFileReference; fileEncoding = 4; lastKnownFileType = sourcecode.swift; path = WebViewController.swift; sourceTree = "<group>"; };
		EACD52A319F3F58B001FB2A7 /* html */ = {isa = PBXFileReference; lastKnownFileType = folder; name = html; path = FlickSKK/html; sourceTree = SOURCE_ROOT; };
		EACD52A919F3FD43001FB2A7 /* UserDictionaryViewController.swift */ = {isa = PBXFileReference; fileEncoding = 4; lastKnownFileType = sourcecode.swift; path = UserDictionaryViewController.swift; sourceTree = "<group>"; };
		EACD52B819F40599001FB2A7 /* FlickSKK.entitlements */ = {isa = PBXFileReference; lastKnownFileType = text.xml; path = FlickSKK.entitlements; sourceTree = "<group>"; };
		EACD52B919F406AE001FB2A7 /* FlickSKKKeyboard.entitlements */ = {isa = PBXFileReference; lastKnownFileType = text.xml; path = FlickSKKKeyboard.entitlements; sourceTree = "<group>"; };
		EAD4B56019D5CB50007B6636 /* FlickSKK.app */ = {isa = PBXFileReference; explicitFileType = wrapper.application; includeInIndex = 0; path = FlickSKK.app; sourceTree = BUILT_PRODUCTS_DIR; };
		EAD4B56419D5CB50007B6636 /* Info.plist */ = {isa = PBXFileReference; lastKnownFileType = text.plist.xml; path = Info.plist; sourceTree = "<group>"; };
		EAD4B56519D5CB50007B6636 /* AppDelegate.swift */ = {isa = PBXFileReference; lastKnownFileType = sourcecode.swift; path = AppDelegate.swift; sourceTree = "<group>"; };
		EAD4B56719D5CB50007B6636 /* MainMenuViewController.swift */ = {isa = PBXFileReference; lastKnownFileType = sourcecode.swift; path = MainMenuViewController.swift; sourceTree = "<group>"; };
		EAD4B56C19D5CB50007B6636 /* Images.xcassets */ = {isa = PBXFileReference; lastKnownFileType = folder.assetcatalog; path = Images.xcassets; sourceTree = "<group>"; };
		EAD4B57519D5CB50007B6636 /* FlickSKKTests.xctest */ = {isa = PBXFileReference; explicitFileType = wrapper.cfbundle; includeInIndex = 0; path = FlickSKKTests.xctest; sourceTree = BUILT_PRODUCTS_DIR; };
		EAD4B57A19D5CB50007B6636 /* Info.plist */ = {isa = PBXFileReference; lastKnownFileType = text.plist.xml; path = Info.plist; sourceTree = "<group>"; };
		EAD4B58919D5CB8A007B6636 /* FlickSKKKeyboard.appex */ = {isa = PBXFileReference; explicitFileType = "wrapper.app-extension"; includeInIndex = 0; path = FlickSKKKeyboard.appex; sourceTree = BUILT_PRODUCTS_DIR; };
		EAD4B58C19D5CB8A007B6636 /* Info.plist */ = {isa = PBXFileReference; lastKnownFileType = text.plist.xml; path = Info.plist; sourceTree = "<group>"; };
		EAD4B58D19D5CB8A007B6636 /* KeyboardViewController.swift */ = {isa = PBXFileReference; lastKnownFileType = sourcecode.swift; path = KeyboardViewController.swift; sourceTree = "<group>"; };
		EAD4B59819D80AF3007B6636 /* Utilities.swift */ = {isa = PBXFileReference; fileEncoding = 4; lastKnownFileType = sourcecode.swift; path = Utilities.swift; sourceTree = "<group>"; };
		EAE8EA441A2083BD008316DD /* Config.xcconfig */ = {isa = PBXFileReference; fileEncoding = 4; lastKnownFileType = text.xcconfig; path = Config.xcconfig; sourceTree = "<group>"; };
		EAE8EA4A1A2097A2008316DD /* Config.xcconfig.example */ = {isa = PBXFileReference; lastKnownFileType = text; path = Config.xcconfig.example; sourceTree = "<group>"; };
		EAF1DB6D19FBFDFD00816CF5 /* AppGroup.h */ = {isa = PBXFileReference; fileEncoding = 4; lastKnownFileType = sourcecode.c.h; name = AppGroup.h; path = Common/AppGroup.h; sourceTree = SOURCE_ROOT; };
		EAF1DB6E19FBFDFD00816CF5 /* AppGroup.m */ = {isa = PBXFileReference; fileEncoding = 4; lastKnownFileType = sourcecode.c.objc; name = AppGroup.m; path = Common/AppGroup.m; sourceTree = SOURCE_ROOT; };
		EAF1DB7119FBFF9900816CF5 /* FlickSKK-Common-Bridging-Header.h */ = {isa = PBXFileReference; lastKnownFileType = sourcecode.c.h; name = "FlickSKK-Common-Bridging-Header.h"; path = "Common/FlickSKK-Common-Bridging-Header.h"; sourceTree = SOURCE_ROOT; };
		F3DD18F195A212F9D8B92DB9 /* Pods.release.xcconfig */ = {isa = PBXFileReference; includeInIndex = 1; lastKnownFileType = text.xcconfig; name = Pods.release.xcconfig; path = "Pods/Target Support Files/Pods/Pods.release.xcconfig"; sourceTree = "<group>"; };
/* End PBXFileReference section */

/* Begin PBXFrameworksBuildPhase section */
		EAD4B55D19D5CB50007B6636 /* Frameworks */ = {
			isa = PBXFrameworksBuildPhase;
			buildActionMask = 2147483647;
			files = (
				D3C6CB3D1AD977725CC25D71 /* libPods.a in Frameworks */,
			);
			runOnlyForDeploymentPostprocessing = 0;
		};
		EAD4B57219D5CB50007B6636 /* Frameworks */ = {
			isa = PBXFrameworksBuildPhase;
			buildActionMask = 2147483647;
			files = (
				1394A9B519E2D97D00F01BF0 /* Nimble.framework in Frameworks */,
				1394A9B119E2D83C00F01BF0 /* Quick.framework in Frameworks */,
			);
			runOnlyForDeploymentPostprocessing = 0;
		};
		EAD4B58619D5CB8A007B6636 /* Frameworks */ = {
			isa = PBXFrameworksBuildPhase;
			buildActionMask = 2147483647;
			files = (
				BDB55BD40232F36069D06BEA /* libPods.a in Frameworks */,
			);
			runOnlyForDeploymentPostprocessing = 0;
		};
/* End PBXFrameworksBuildPhase section */

/* Begin PBXGroup section */
		05E418C0F5656118905F318F /* Pods */ = {
			isa = PBXGroup;
			children = (
				70E538640700B5CE0D567B64 /* Pods.debug.xcconfig */,
				F3DD18F195A212F9D8B92DB9 /* Pods.release.xcconfig */,
			);
			name = Pods;
			sourceTree = "<group>";
		};
		133CDCF719D98A4C00B8120D /* SKKBase */ = {
			isa = PBXGroup;
			children = (
				133CDCF519D98A3B00B8120D /* SKKDelegate.swift */,
				133CDCF819D98ADA00B8120D /* KeyEvent.swift */,
				136D161019DAA0AE0091D6BF /* SKKInputMode.swift */,
			);
			name = SKKBase;
			sourceTree = "<group>";
		};
		133CDCFC19D98DB100B8120D /* SKKSession */ = {
			isa = PBXGroup;
			children = (
				136D161419DAEBE90091D6BF /* InputMode.swift */,
				1393DF4B19E0EDB500175343 /* WordRegisterSession.swift */,
				133CDCFA19D98DAB00B8120D /* SKKSession.swift */,
				1393DF4F19E0EEE200175343 /* BaseSession.swift */,
			);
			name = SKKSession;
			sourceTree = "<group>";
		};
		1394A99319E2D80300F01BF0 /* Products */ = {
			isa = PBXGroup;
			children = (
				1394A99B19E2D80300F01BF0 /* Quick.framework */,
				1394A99D19E2D80300F01BF0 /* QuickTests.xctest */,
				1394A99F19E2D80300F01BF0 /* Quick.framework */,
				1394A9A119E2D80300F01BF0 /* Quick-iOSTests.xctest */,
			);
			name = Products;
			sourceTree = "<group>";
		};
		1394A9A319E2D81200F01BF0 /* Products */ = {
			isa = PBXGroup;
			children = (
				1394A9AA19E2D81200F01BF0 /* Nimble.framework */,
				1394A9AC19E2D81200F01BF0 /* NimbleTests.xctest */,
				1394A9AE19E2D81200F01BF0 /* Nimble.framework */,
				1394A9B019E2D81200F01BF0 /* Nimble-OSXTests.xctest */,
			);
			name = Products;
			sourceTree = "<group>";
		};
		13DFEAC319F079C8006D7E40 /* SKKDictionary */ = {
			isa = PBXGroup;
			children = (
				13F4525119DC538B001A4A1B /* IOUtil.h */,
				13F4525319DC5399001A4A1B /* IOUtil.mm */,
				13DFEAB919F079C5006D7E40 /* SKKDictionaryFile.swift */,
				138866981A09202500B7D8A4 /* SKKDictionaryEntry.swift */,
				13DFEAC519F07A3C006D7E40 /* SKKUserDictionaryFile.swift */,
				13DFEAC719F07A54006D7E40 /* SKKLocalDictionaryFile.swift */,
				13D118CE19D9994D009E9E79 /* SKKDictionary.swift */,
			);
			name = SKKDictionary;
			sourceTree = "<group>";
		};
		6050DDC7DD7FB6FB1BD2A214 /* Frameworks */ = {
			isa = PBXGroup;
			children = (
				0CA289C0ED7662F2EF0F3718 /* libPods.a */,
			);
			name = Frameworks;
			sourceTree = "<group>";
		};
		EA2F67951A21D7BE00DDCBB9 /* Resources */ = {
			isa = PBXGroup;
			children = (
				EA28E7F41A21D3B8005DF803 /* LaunchScreen.xib */,
				EAD4B56C19D5CB50007B6636 /* Images.xcassets */,
				EACD52A319F3F58B001FB2A7 /* html */,
				EA892D5519FBE70400265181 /* iTunesArtwork */,
				EA892D5619FBE70400265181 /* iTunesArtwork@2x */,
			);
			name = Resources;
			sourceTree = "<group>";
		};
		EA2F67961A21D9C700DDCBB9 /* Resources */ = {
			isa = PBXGroup;
			children = (
				13D118C719D99923009E9E79 /* skk.jisyo */,
			);
			name = Resources;
			sourceTree = "<group>";
		};
		EA2F67971A21D9D200DDCBB9 /* Resources */ = {
			isa = PBXGroup;
			children = (
				EACD529D19F3F0C4001FB2A7 /* Localizable.strings */,
			);
			name = Resources;
			sourceTree = "<group>";
		};
		EAD4B55719D5CB50007B6636 = {
			isa = PBXGroup;
			children = (
				EAE8EA441A2083BD008316DD /* Config.xcconfig */,
				EAE8EA4A1A2097A2008316DD /* Config.xcconfig.example */,
				EAF1DB6C19FBFDDC00816CF5 /* Common */,
				EAD4B56219D5CB50007B6636 /* FlickSKK */,
				EAD4B57819D5CB50007B6636 /* FlickSKKTests */,
				EAD4B58A19D5CB8A007B6636 /* FlickSKKKeyboard */,
				EAD4B56119D5CB50007B6636 /* Products */,
				05E418C0F5656118905F318F /* Pods */,
				6050DDC7DD7FB6FB1BD2A214 /* Frameworks */,
			);
			sourceTree = "<group>";
		};
		EAD4B56119D5CB50007B6636 /* Products */ = {
			isa = PBXGroup;
			children = (
				EAD4B56019D5CB50007B6636 /* FlickSKK.app */,
				EAD4B57519D5CB50007B6636 /* FlickSKKTests.xctest */,
				EAD4B58919D5CB8A007B6636 /* FlickSKKKeyboard.appex */,
			);
			name = Products;
			sourceTree = "<group>";
		};
		EAD4B56219D5CB50007B6636 /* FlickSKK */ = {
			isa = PBXGroup;
			children = (
				EAD4B56519D5CB50007B6636 /* AppDelegate.swift */,
				EAD4B56719D5CB50007B6636 /* MainMenuViewController.swift */,
				EACD52A919F3FD43001FB2A7 /* UserDictionaryViewController.swift */,
				EACD52A019F3F2EC001FB2A7 /* WebViewController.swift */,
				EA075F7E19DED7A4009AEF9F /* KeyboardSpacerView.swift */,
				EA2F67951A21D7BE00DDCBB9 /* Resources */,
				EAD4B56319D5CB50007B6636 /* Supporting Files */,
			);
			path = FlickSKK;
			sourceTree = "<group>";
		};
		EAD4B56319D5CB50007B6636 /* Supporting Files */ = {
			isa = PBXGroup;
			children = (
				EAD4B56419D5CB50007B6636 /* Info.plist */,
				EACD52B819F40599001FB2A7 /* FlickSKK.entitlements */,
			);
			name = "Supporting Files";
			sourceTree = "<group>";
		};
		EAD4B57819D5CB50007B6636 /* FlickSKKTests */ = {
			isa = PBXGroup;
			children = (
				1394A9A219E2D81200F01BF0 /* Nimble.xcodeproj */,
				1394A99219E2D80300F01BF0 /* Quick.xcodeproj */,
				13A454FB19E2DAC30039390A /* UtilitiesSpec.swift */,
				13E29D2019E43E9D0097DFCD /* SKKSessionSpec.swift */,
				1341A24819E96A7F00EE8AFA /* SKKDictionaryLocalFileSpec.swift */,
				136F409819E9D5ED009E3983 /* SKKDictionaryUserFileSpec.swift */,
				EAD4B57919D5CB50007B6636 /* Supporting Files */,
			);
			path = FlickSKKTests;
			sourceTree = "<group>";
		};
		EAD4B57919D5CB50007B6636 /* Supporting Files */ = {
			isa = PBXGroup;
			children = (
				EAD4B57A19D5CB50007B6636 /* Info.plist */,
			);
			name = "Supporting Files";
			sourceTree = "<group>";
		};
		EAD4B58A19D5CB8A007B6636 /* FlickSKKKeyboard */ = {
			isa = PBXGroup;
			children = (
				133CDCF719D98A4C00B8120D /* SKKBase */,
				13DFEAC319F079C8006D7E40 /* SKKDictionary */,
				133CDCFC19D98DB100B8120D /* SKKSession */,
				EAD4B58D19D5CB8A007B6636 /* KeyboardViewController.swift */,
				136D160E19DA86690091D6BF /* CandidateDataSource.swift */,
				EA985FE519D84AAE0043564C /* KeyPad.swift */,
				EA985FE719D84D060043564C /* KeyButton.swift */,
				EA2D4D7E19E173EC00607C35 /* KeyButtonFlickPopup.swift */,
				EAD4B59819D80AF3007B6636 /* Utilities.swift */,
				EA2F67961A21D9C700DDCBB9 /* Resources */,
				EAD4B58B19D5CB8A007B6636 /* Supporting Files */,
			);
			path = FlickSKKKeyboard;
			sourceTree = "<group>";
		};
		EAD4B58B19D5CB8A007B6636 /* Supporting Files */ = {
			isa = PBXGroup;
			children = (
				EAD4B58C19D5CB8A007B6636 /* Info.plist */,
				EACD52B919F406AE001FB2A7 /* FlickSKKKeyboard.entitlements */,
			);
			name = "Supporting Files";
			sourceTree = "<group>";
		};
		EAF1DB6C19FBFDDC00816CF5 /* Common */ = {
			isa = PBXGroup;
			children = (
				EAF1DB6D19FBFDFD00816CF5 /* AppGroup.h */,
				EAF1DB6E19FBFDFD00816CF5 /* AppGroup.m */,
				EAF1DB7119FBFF9900816CF5 /* FlickSKK-Common-Bridging-Header.h */,
				EA2F67971A21D9D200DDCBB9 /* Resources */,
			);
			name = Common;
			path = FlickSKK;
			sourceTree = "<group>";
		};
/* End PBXGroup section */

/* Begin PBXNativeTarget section */
		EAD4B55F19D5CB50007B6636 /* FlickSKK */ = {
			isa = PBXNativeTarget;
			buildConfigurationList = EAD4B57F19D5CB50007B6636 /* Build configuration list for PBXNativeTarget "FlickSKK" */;
			buildPhases = (
				4AD21888C8503609423B858B /* Check Pods Manifest.lock */,
				EAD4B55C19D5CB50007B6636 /* Sources */,
				EAD4B55D19D5CB50007B6636 /* Frameworks */,
				EAD4B55E19D5CB50007B6636 /* Resources */,
				EAD4B59719D5CB8A007B6636 /* Embed App Extensions */,
				94C388D56254C67A634D6A69 /* Copy Pods Resources */,
			);
			buildRules = (
			);
			dependencies = (
				EAD4B59019D5CB8A007B6636 /* PBXTargetDependency */,
				EAD4B59319D5CB8A007B6636 /* PBXTargetDependency */,
			);
			name = FlickSKK;
			productName = FlickSKK;
			productReference = EAD4B56019D5CB50007B6636 /* FlickSKK.app */;
			productType = "com.apple.product-type.application";
		};
		EAD4B57419D5CB50007B6636 /* FlickSKKTests */ = {
			isa = PBXNativeTarget;
			buildConfigurationList = EAD4B58219D5CB50007B6636 /* Build configuration list for PBXNativeTarget "FlickSKKTests" */;
			buildPhases = (
				EAD4B57119D5CB50007B6636 /* Sources */,
				EAD4B57219D5CB50007B6636 /* Frameworks */,
				EAD4B57319D5CB50007B6636 /* Resources */,
			);
			buildRules = (
			);
			dependencies = (
				13A454F219E2DA3B0039390A /* PBXTargetDependency */,
				1394A9B419E2D97200F01BF0 /* PBXTargetDependency */,
			);
			name = FlickSKKTests;
			productName = FlickSKKTests;
			productReference = EAD4B57519D5CB50007B6636 /* FlickSKKTests.xctest */;
			productType = "com.apple.product-type.bundle.unit-test";
		};
		EAD4B58819D5CB8A007B6636 /* FlickSKKKeyboard */ = {
			isa = PBXNativeTarget;
			buildConfigurationList = EAD4B59419D5CB8A007B6636 /* Build configuration list for PBXNativeTarget "FlickSKKKeyboard" */;
			buildPhases = (
				615951FED57DDE5CF8812387 /* Check Pods Manifest.lock */,
				EAD4B58519D5CB8A007B6636 /* Sources */,
				EAD4B58619D5CB8A007B6636 /* Frameworks */,
				EAD4B58719D5CB8A007B6636 /* Resources */,
				D6AE722925FC7A8289638138 /* Copy Pods Resources */,
			);
			buildRules = (
			);
			dependencies = (
			);
			name = FlickSKKKeyboard;
			productName = FlickSKKKeyboard;
			productReference = EAD4B58919D5CB8A007B6636 /* FlickSKKKeyboard.appex */;
			productType = "com.apple.product-type.app-extension";
		};
/* End PBXNativeTarget section */

/* Begin PBXProject section */
		EAD4B55819D5CB50007B6636 /* Project object */ = {
			isa = PBXProject;
			attributes = {
				LastUpgradeCheck = 0600;
				ORGANIZATIONNAME = "BAN Jun";
				TargetAttributes = {
					EAD4B55F19D5CB50007B6636 = {
						CreatedOnToolsVersion = 6.0;
						SystemCapabilities = {
							com.apple.ApplicationGroups.iOS = {
								enabled = 1;
							};
						};
					};
					EAD4B57419D5CB50007B6636 = {
						CreatedOnToolsVersion = 6.0;
						TestTargetID = EAD4B55F19D5CB50007B6636;
					};
					EAD4B58819D5CB8A007B6636 = {
						CreatedOnToolsVersion = 6.0;
						SystemCapabilities = {
							com.apple.ApplicationGroups.iOS = {
								enabled = 1;
							};
						};
					};
				};
			};
			buildConfigurationList = EAD4B55B19D5CB50007B6636 /* Build configuration list for PBXProject "FlickSKK" */;
			compatibilityVersion = "Xcode 3.2";
			developmentRegion = English;
			hasScannedForEncodings = 0;
			knownRegions = (
				ja,
			);
			mainGroup = EAD4B55719D5CB50007B6636;
			productRefGroup = EAD4B56119D5CB50007B6636 /* Products */;
			projectDirPath = "";
			projectReferences = (
				{
					ProductGroup = 1394A9A319E2D81200F01BF0 /* Products */;
					ProjectRef = 1394A9A219E2D81200F01BF0 /* Nimble.xcodeproj */;
				},
				{
					ProductGroup = 1394A99319E2D80300F01BF0 /* Products */;
					ProjectRef = 1394A99219E2D80300F01BF0 /* Quick.xcodeproj */;
				},
			);
			projectRoot = "";
			targets = (
				EAD4B55F19D5CB50007B6636 /* FlickSKK */,
				EAD4B57419D5CB50007B6636 /* FlickSKKTests */,
				EAD4B58819D5CB8A007B6636 /* FlickSKKKeyboard */,
			);
		};
/* End PBXProject section */

/* Begin PBXReferenceProxy section */
		1394A99B19E2D80300F01BF0 /* Quick.framework */ = {
			isa = PBXReferenceProxy;
			fileType = wrapper.framework;
			path = Quick.framework;
			remoteRef = 1394A99A19E2D80300F01BF0 /* PBXContainerItemProxy */;
			sourceTree = BUILT_PRODUCTS_DIR;
		};
		1394A99D19E2D80300F01BF0 /* QuickTests.xctest */ = {
			isa = PBXReferenceProxy;
			fileType = wrapper.cfbundle;
			path = QuickTests.xctest;
			remoteRef = 1394A99C19E2D80300F01BF0 /* PBXContainerItemProxy */;
			sourceTree = BUILT_PRODUCTS_DIR;
		};
		1394A99F19E2D80300F01BF0 /* Quick.framework */ = {
			isa = PBXReferenceProxy;
			fileType = wrapper.framework;
			path = Quick.framework;
			remoteRef = 1394A99E19E2D80300F01BF0 /* PBXContainerItemProxy */;
			sourceTree = BUILT_PRODUCTS_DIR;
		};
		1394A9A119E2D80300F01BF0 /* Quick-iOSTests.xctest */ = {
			isa = PBXReferenceProxy;
			fileType = wrapper.cfbundle;
			path = "Quick-iOSTests.xctest";
			remoteRef = 1394A9A019E2D80300F01BF0 /* PBXContainerItemProxy */;
			sourceTree = BUILT_PRODUCTS_DIR;
		};
		1394A9AA19E2D81200F01BF0 /* Nimble.framework */ = {
			isa = PBXReferenceProxy;
			fileType = wrapper.framework;
			path = Nimble.framework;
			remoteRef = 1394A9A919E2D81200F01BF0 /* PBXContainerItemProxy */;
			sourceTree = BUILT_PRODUCTS_DIR;
		};
		1394A9AC19E2D81200F01BF0 /* NimbleTests.xctest */ = {
			isa = PBXReferenceProxy;
			fileType = wrapper.cfbundle;
			path = NimbleTests.xctest;
			remoteRef = 1394A9AB19E2D81200F01BF0 /* PBXContainerItemProxy */;
			sourceTree = BUILT_PRODUCTS_DIR;
		};
		1394A9AE19E2D81200F01BF0 /* Nimble.framework */ = {
			isa = PBXReferenceProxy;
			fileType = wrapper.framework;
			path = Nimble.framework;
			remoteRef = 1394A9AD19E2D81200F01BF0 /* PBXContainerItemProxy */;
			sourceTree = BUILT_PRODUCTS_DIR;
		};
		1394A9B019E2D81200F01BF0 /* Nimble-OSXTests.xctest */ = {
			isa = PBXReferenceProxy;
			fileType = wrapper.cfbundle;
			path = "Nimble-OSXTests.xctest";
			remoteRef = 1394A9AF19E2D81200F01BF0 /* PBXContainerItemProxy */;
			sourceTree = BUILT_PRODUCTS_DIR;
		};
/* End PBXReferenceProxy section */

/* Begin PBXResourcesBuildPhase section */
		EAD4B55E19D5CB50007B6636 /* Resources */ = {
			isa = PBXResourcesBuildPhase;
			buildActionMask = 2147483647;
			files = (
				EA892D5719FBE70400265181 /* iTunesArtwork in Resources */,
				EA892D5819FBE70400265181 /* iTunesArtwork@2x in Resources */,
				EACD529A19F3F0C4001FB2A7 /* Localizable.strings in Resources */,
				EAD4B56D19D5CB50007B6636 /* Images.xcassets in Resources */,
				EA28E7F51A21D3B8005DF803 /* LaunchScreen.xib in Resources */,
				EACD52A419F3F58B001FB2A7 /* html in Resources */,
			);
			runOnlyForDeploymentPostprocessing = 0;
		};
		EAD4B57319D5CB50007B6636 /* Resources */ = {
			isa = PBXResourcesBuildPhase;
			buildActionMask = 2147483647;
			files = (
			);
			runOnlyForDeploymentPostprocessing = 0;
		};
		EAD4B58719D5CB8A007B6636 /* Resources */ = {
			isa = PBXResourcesBuildPhase;
			buildActionMask = 2147483647;
			files = (
				13D118CD19D99923009E9E79 /* skk.jisyo in Resources */,
				EACD529B19F3F0C4001FB2A7 /* Localizable.strings in Resources */,
			);
			runOnlyForDeploymentPostprocessing = 0;
		};
/* End PBXResourcesBuildPhase section */

/* Begin PBXShellScriptBuildPhase section */
		4AD21888C8503609423B858B /* Check Pods Manifest.lock */ = {
			isa = PBXShellScriptBuildPhase;
			buildActionMask = 2147483647;
			files = (
			);
			inputPaths = (
			);
			name = "Check Pods Manifest.lock";
			outputPaths = (
			);
			runOnlyForDeploymentPostprocessing = 0;
			shellPath = /bin/sh;
			shellScript = "diff \"${PODS_ROOT}/../Podfile.lock\" \"${PODS_ROOT}/Manifest.lock\" > /dev/null\nif [[ $? != 0 ]] ; then\n    cat << EOM\nerror: The sandbox is not in sync with the Podfile.lock. Run 'pod install' or update your CocoaPods installation.\nEOM\n    exit 1\nfi\n";
			showEnvVarsInLog = 0;
		};
		615951FED57DDE5CF8812387 /* Check Pods Manifest.lock */ = {
			isa = PBXShellScriptBuildPhase;
			buildActionMask = 2147483647;
			files = (
			);
			inputPaths = (
			);
			name = "Check Pods Manifest.lock";
			outputPaths = (
			);
			runOnlyForDeploymentPostprocessing = 0;
			shellPath = /bin/sh;
			shellScript = "diff \"${PODS_ROOT}/../Podfile.lock\" \"${PODS_ROOT}/Manifest.lock\" > /dev/null\nif [[ $? != 0 ]] ; then\n    cat << EOM\nerror: The sandbox is not in sync with the Podfile.lock. Run 'pod install' or update your CocoaPods installation.\nEOM\n    exit 1\nfi\n";
			showEnvVarsInLog = 0;
		};
		94C388D56254C67A634D6A69 /* Copy Pods Resources */ = {
			isa = PBXShellScriptBuildPhase;
			buildActionMask = 2147483647;
			files = (
			);
			inputPaths = (
			);
			name = "Copy Pods Resources";
			outputPaths = (
			);
			runOnlyForDeploymentPostprocessing = 0;
			shellPath = /bin/sh;
			shellScript = "\"${SRCROOT}/Pods/Target Support Files/Pods/Pods-resources.sh\"\n";
			showEnvVarsInLog = 0;
		};
		D6AE722925FC7A8289638138 /* Copy Pods Resources */ = {
			isa = PBXShellScriptBuildPhase;
			buildActionMask = 2147483647;
			files = (
			);
			inputPaths = (
			);
			name = "Copy Pods Resources";
			outputPaths = (
			);
			runOnlyForDeploymentPostprocessing = 0;
			shellPath = /bin/sh;
			shellScript = "\"${SRCROOT}/Pods/Target Support Files/Pods/Pods-resources.sh\"\n";
			showEnvVarsInLog = 0;
		};
/* End PBXShellScriptBuildPhase section */

/* Begin PBXSourcesBuildPhase section */
		EAD4B55C19D5CB50007B6636 /* Sources */ = {
			isa = PBXSourcesBuildPhase;
			buildActionMask = 2147483647;
			files = (
				EAD4B56819D5CB50007B6636 /* MainMenuViewController.swift in Sources */,
				EAF1DB6F19FBFDFD00816CF5 /* AppGroup.m in Sources */,
				1388669B1A09204300B7D8A4 /* SKKDictionaryEntry.swift in Sources */,
				EACD52B319F3FECF001FB2A7 /* SKKDictionary.swift in Sources */,
				EACD52AA19F3FD43001FB2A7 /* UserDictionaryViewController.swift in Sources */,
				EAD4B56619D5CB50007B6636 /* AppDelegate.swift in Sources */,
				EACD52B419F3FEE4001FB2A7 /* SKKUserDictionaryFile.swift in Sources */,
				EACD52B619F3FEFD001FB2A7 /* SKKLocalDictionaryFile.swift in Sources */,
				EA075F8019DED8C3009AEF9F /* Utilities.swift in Sources */,
				EACD52B719F3FF0F001FB2A7 /* IOUtil.mm in Sources */,
				EACD52A119F3F2EC001FB2A7 /* WebViewController.swift in Sources */,
				EACD52B519F3FEF1001FB2A7 /* SKKDictionaryFile.swift in Sources */,
				EA075F7F19DED7A4009AEF9F /* KeyboardSpacerView.swift in Sources */,
			);
			runOnlyForDeploymentPostprocessing = 0;
		};
		EAD4B57119D5CB50007B6636 /* Sources */ = {
			isa = PBXSourcesBuildPhase;
			buildActionMask = 2147483647;
			files = (
				13F9326119E2DC1700AC5019 /* SKKDelegate.swift in Sources */,
				13F9326219E2DC1700AC5019 /* KeyEvent.swift in Sources */,
				13F9326319E2DC1700AC5019 /* SKKDictionary.swift in Sources */,
				13F9326419E2DC1700AC5019 /* SKKInputMode.swift in Sources */,
				1388669C1A0920D500B7D8A4 /* SKKDictionaryEntry.swift in Sources */,
				13E29D2119E43E9D0097DFCD /* SKKSessionSpec.swift in Sources */,
				13DFEAC419F07A1F006D7E40 /* SKKDictionaryFile.swift in Sources */,
				1341A24919E96A7F00EE8AFA /* SKKDictionaryLocalFileSpec.swift in Sources */,
				13F9326619E2DC1700AC5019 /* IOUtil.mm in Sources */,
				13F9326719E2DC1700AC5019 /* InputMode.swift in Sources */,
				13F9326819E2DC1700AC5019 /* WordRegisterSession.swift in Sources */,
				13F9326919E2DC1700AC5019 /* SKKSession.swift in Sources */,
				13F9326A19E2DC1700AC5019 /* BaseSession.swift in Sources */,
				13F9326B19E2DC1700AC5019 /* KeyboardViewController.swift in Sources */,
				13F9326C19E2DC1700AC5019 /* CandidateDataSource.swift in Sources */,
				13F9326D19E2DC1700AC5019 /* KeyPad.swift in Sources */,
				13DFEAC919F07AC6006D7E40 /* SKKUserDictionaryFile.swift in Sources */,
				13F9326E19E2DC1700AC5019 /* KeyButton.swift in Sources */,
				13DFEACA19F07AC8006D7E40 /* SKKLocalDictionaryFile.swift in Sources */,
				13F9326F19E2DC1700AC5019 /* KeyButtonFlickPopup.swift in Sources */,
				13A454FC19E2DAC30039390A /* UtilitiesSpec.swift in Sources */,
				13F9325819E2DBFC00AC5019 /* Utilities.swift in Sources */,
				136F409919E9D5ED009E3983 /* SKKDictionaryUserFileSpec.swift in Sources */,
			);
			runOnlyForDeploymentPostprocessing = 0;
		};
		EAD4B58519D5CB8A007B6636 /* Sources */ = {
			isa = PBXSourcesBuildPhase;
			buildActionMask = 2147483647;
			files = (
				EAD4B59919D80AF3007B6636 /* Utilities.swift in Sources */,
				13DFEAC819F07A54006D7E40 /* SKKLocalDictionaryFile.swift in Sources */,
				13DFEABA19F079C5006D7E40 /* SKKDictionaryFile.swift in Sources */,
				13D118D019D9994D009E9E79 /* SKKDictionary.swift in Sources */,
				133CDCF919D98ADA00B8120D /* KeyEvent.swift in Sources */,
				1393DF5019E0EEE200175343 /* BaseSession.swift in Sources */,
				1393DF4C19E0EDB500175343 /* WordRegisterSession.swift in Sources */,
				EAF1DB7019FBFDFD00816CF5 /* AppGroup.m in Sources */,
				EA985FE619D84AAE0043564C /* KeyPad.swift in Sources */,
				EAD4B58E19D5CB8A007B6636 /* KeyboardViewController.swift in Sources */,
				136D161519DAEBE90091D6BF /* InputMode.swift in Sources */,
				136D161119DAA0AE0091D6BF /* SKKInputMode.swift in Sources */,
				EA2D4D7F19E173EC00607C35 /* KeyButtonFlickPopup.swift in Sources */,
				13F4525419DC5399001A4A1B /* IOUtil.mm in Sources */,
				136D160F19DA86690091D6BF /* CandidateDataSource.swift in Sources */,
				133CDCFB19D98DAB00B8120D /* SKKSession.swift in Sources */,
				1388669A1A09202500B7D8A4 /* SKKDictionaryEntry.swift in Sources */,
				133CDCF619D98A3C00B8120D /* SKKDelegate.swift in Sources */,
				13DFEAC619F07A3C006D7E40 /* SKKUserDictionaryFile.swift in Sources */,
				EA985FE819D84D060043564C /* KeyButton.swift in Sources */,
			);
			runOnlyForDeploymentPostprocessing = 0;
		};
/* End PBXSourcesBuildPhase section */

/* Begin PBXTargetDependency section */
		1394A9B419E2D97200F01BF0 /* PBXTargetDependency */ = {
			isa = PBXTargetDependency;
			target = EAD4B58819D5CB8A007B6636 /* FlickSKKKeyboard */;
			targetProxy = 1394A9B319E2D97200F01BF0 /* PBXContainerItemProxy */;
		};
		13A454F219E2DA3B0039390A /* PBXTargetDependency */ = {
			isa = PBXTargetDependency;
			target = EAD4B55F19D5CB50007B6636 /* FlickSKK */;
			targetProxy = 13A454F119E2DA3B0039390A /* PBXContainerItemProxy */;
		};
		EAD4B59019D5CB8A007B6636 /* PBXTargetDependency */ = {
			isa = PBXTargetDependency;
			target = EAD4B58819D5CB8A007B6636 /* FlickSKKKeyboard */;
			targetProxy = EAD4B58F19D5CB8A007B6636 /* PBXContainerItemProxy */;
		};
		EAD4B59319D5CB8A007B6636 /* PBXTargetDependency */ = {
			isa = PBXTargetDependency;
			target = EAD4B58819D5CB8A007B6636 /* FlickSKKKeyboard */;
			targetProxy = EAD4B59219D5CB8A007B6636 /* PBXContainerItemProxy */;
		};
/* End PBXTargetDependency section */

/* Begin PBXVariantGroup section */
		EACD529D19F3F0C4001FB2A7 /* Localizable.strings */ = {
			isa = PBXVariantGroup;
			children = (
				EACD529E19F3F18D001FB2A7 /* ja */,
			);
			name = Localizable.strings;
			path = ../Common;
			sourceTree = "<group>";
		};
/* End PBXVariantGroup section */

/* Begin XCBuildConfiguration section */
		EAD4B57D19D5CB50007B6636 /* Debug */ = {
			isa = XCBuildConfiguration;
			baseConfigurationReference = EAE8EA441A2083BD008316DD /* Config.xcconfig */;
			buildSettings = {
				ALWAYS_SEARCH_USER_PATHS = NO;
				CLANG_CXX_LANGUAGE_STANDARD = "gnu++0x";
				CLANG_CXX_LIBRARY = "libc++";
				CLANG_ENABLE_MODULES = YES;
				CLANG_ENABLE_OBJC_ARC = YES;
				CLANG_WARN_BOOL_CONVERSION = YES;
				CLANG_WARN_CONSTANT_CONVERSION = YES;
				CLANG_WARN_DIRECT_OBJC_ISA_USAGE = YES_ERROR;
				CLANG_WARN_EMPTY_BODY = YES;
				CLANG_WARN_ENUM_CONVERSION = YES;
				CLANG_WARN_INT_CONVERSION = YES;
				CLANG_WARN_OBJC_ROOT_CLASS = YES_ERROR;
				CLANG_WARN_UNREACHABLE_CODE = YES;
				CLANG_WARN__DUPLICATE_METHOD_MATCH = YES;
				CODE_SIGN_IDENTITY = "iPhone Developer";
				"CODE_SIGN_IDENTITY[sdk=iphoneos*]" = "iPhone Developer";
				COPY_PHASE_STRIP = NO;
				ENABLE_STRICT_OBJC_MSGSEND = YES;
				GCC_C_LANGUAGE_STANDARD = gnu99;
				GCC_DYNAMIC_NO_PIC = NO;
				GCC_OPTIMIZATION_LEVEL = 0;
				GCC_PREPROCESSOR_DEFINITIONS = (
					"DEBUG=1",
					"$(inherited)",
				);
				GCC_SYMBOLS_PRIVATE_EXTERN = NO;
				GCC_WARN_64_TO_32_BIT_CONVERSION = YES;
				GCC_WARN_ABOUT_RETURN_TYPE = YES_ERROR;
				GCC_WARN_UNDECLARED_SELECTOR = YES;
				GCC_WARN_UNINITIALIZED_AUTOS = YES_AGGRESSIVE;
				GCC_WARN_UNUSED_FUNCTION = YES;
				GCC_WARN_UNUSED_VARIABLE = YES;
				IPHONEOS_DEPLOYMENT_TARGET = 8.0;
				MTL_ENABLE_DEBUG_INFO = YES;
				ONLY_ACTIVE_ARCH = YES;
				SDKROOT = iphoneos;
				SWIFT_OBJC_BRIDGING_HEADER = "Common/FlickSKK-Common-Bridging-Header.h";
				SWIFT_OPTIMIZATION_LEVEL = "-Onone";
				TARGETED_DEVICE_FAMILY = "1,2";
			};
			name = Debug;
		};
		EAD4B57E19D5CB50007B6636 /* Release */ = {
			isa = XCBuildConfiguration;
			baseConfigurationReference = EAE8EA441A2083BD008316DD /* Config.xcconfig */;
			buildSettings = {
				ALWAYS_SEARCH_USER_PATHS = NO;
				CLANG_CXX_LANGUAGE_STANDARD = "gnu++0x";
				CLANG_CXX_LIBRARY = "libc++";
				CLANG_ENABLE_MODULES = YES;
				CLANG_ENABLE_OBJC_ARC = YES;
				CLANG_WARN_BOOL_CONVERSION = YES;
				CLANG_WARN_CONSTANT_CONVERSION = YES;
				CLANG_WARN_DIRECT_OBJC_ISA_USAGE = YES_ERROR;
				CLANG_WARN_EMPTY_BODY = YES;
				CLANG_WARN_ENUM_CONVERSION = YES;
				CLANG_WARN_INT_CONVERSION = YES;
				CLANG_WARN_OBJC_ROOT_CLASS = YES_ERROR;
				CLANG_WARN_UNREACHABLE_CODE = YES;
				CLANG_WARN__DUPLICATE_METHOD_MATCH = YES;
				CODE_SIGN_IDENTITY = "iPhone Distribution";
				"CODE_SIGN_IDENTITY[sdk=iphoneos*]" = "iPhone Distribution";
				COPY_PHASE_STRIP = YES;
				ENABLE_NS_ASSERTIONS = NO;
				ENABLE_STRICT_OBJC_MSGSEND = YES;
				GCC_C_LANGUAGE_STANDARD = gnu99;
				GCC_WARN_64_TO_32_BIT_CONVERSION = YES;
				GCC_WARN_ABOUT_RETURN_TYPE = YES_ERROR;
				GCC_WARN_UNDECLARED_SELECTOR = YES;
				GCC_WARN_UNINITIALIZED_AUTOS = YES_AGGRESSIVE;
				GCC_WARN_UNUSED_FUNCTION = YES;
				GCC_WARN_UNUSED_VARIABLE = YES;
				IPHONEOS_DEPLOYMENT_TARGET = 8.0;
				MTL_ENABLE_DEBUG_INFO = NO;
				SDKROOT = iphoneos;
				SWIFT_OBJC_BRIDGING_HEADER = "Common/FlickSKK-Common-Bridging-Header.h";
				TARGETED_DEVICE_FAMILY = "1,2";
				VALIDATE_PRODUCT = YES;
			};
			name = Release;
		};
		EAD4B58019D5CB50007B6636 /* Debug */ = {
			isa = XCBuildConfiguration;
			baseConfigurationReference = 70E538640700B5CE0D567B64 /* Pods.debug.xcconfig */;
			buildSettings = {
				ASSETCATALOG_COMPILER_APPICON_NAME = AppIcon;
				CODE_SIGN_ENTITLEMENTS = FlickSKK/FlickSKK.entitlements;
				GCC_OPTIMIZATION_LEVEL = s;
				INFOPLIST_FILE = FlickSKK/Info.plist;
				LD_RUNPATH_SEARCH_PATHS = "$(inherited) @executable_path/Frameworks";
				PRODUCT_NAME = "$(TARGET_NAME)";
				PROVISIONING_PROFILE = "";
			};
			name = Debug;
		};
		EAD4B58119D5CB50007B6636 /* Release */ = {
			isa = XCBuildConfiguration;
			baseConfigurationReference = F3DD18F195A212F9D8B92DB9 /* Pods.release.xcconfig */;
			buildSettings = {
				ASSETCATALOG_COMPILER_APPICON_NAME = AppIcon;
				CODE_SIGN_ENTITLEMENTS = FlickSKK/FlickSKK.entitlements;
				INFOPLIST_FILE = FlickSKK/Info.plist;
				LD_RUNPATH_SEARCH_PATHS = "$(inherited) @executable_path/Frameworks";
				PRODUCT_NAME = "$(TARGET_NAME)";
				PROVISIONING_PROFILE = "";
			};
			name = Release;
		};
		EAD4B58319D5CB50007B6636 /* Debug */ = {
			isa = XCBuildConfiguration;
			buildSettings = {
				BUNDLE_LOADER = "$(TEST_HOST)";
				FRAMEWORK_SEARCH_PATHS = (
					"$(SDKROOT)/Developer/Library/Frameworks",
					"$(inherited)",
				);
				GCC_PREPROCESSOR_DEFINITIONS = (
					"DEBUG=1",
					"$(inherited)",
				);
				HEADER_SEARCH_PATHS = (
					"$(inherited)",
					/Applications/Xcode.app/Contents/Developer/Toolchains/XcodeDefault.xctoolchain/usr/include,
					"\"${PODS_ROOT}/Headers/Public\"",
					"\"${PODS_ROOT}/Headers/Public/TestFlightSDK\"",
				);
				INFOPLIST_FILE = FlickSKKTests/Info.plist;
				LD_RUNPATH_SEARCH_PATHS = "$(inherited) @executable_path/Frameworks @loader_path/Frameworks";
				LIBRARY_SEARCH_PATHS = "\"$(PODS_ROOT)/TestFlightSDK\"";
				PODS_ROOT = "${SRCROOT}/Pods";
				PRODUCT_NAME = "$(TARGET_NAME)";
				TEST_HOST = "$(BUILT_PRODUCTS_DIR)/FlickSKK.app/FlickSKK";
			};
			name = Debug;
		};
		EAD4B58419D5CB50007B6636 /* Release */ = {
			isa = XCBuildConfiguration;
			buildSettings = {
				BUNDLE_LOADER = "$(TEST_HOST)";
				FRAMEWORK_SEARCH_PATHS = (
					"$(SDKROOT)/Developer/Library/Frameworks",
					"$(inherited)",
				);
				HEADER_SEARCH_PATHS = (
					"$(inherited)",
					/Applications/Xcode.app/Contents/Developer/Toolchains/XcodeDefault.xctoolchain/usr/include,
					"\"${PODS_ROOT}/Headers/Public\"",
					"\"${PODS_ROOT}/Headers/Public/TestFlightSDK\"",
				);
				INFOPLIST_FILE = FlickSKKTests/Info.plist;
				LD_RUNPATH_SEARCH_PATHS = "$(inherited) @executable_path/Frameworks @loader_path/Frameworks";
				LIBRARY_SEARCH_PATHS = "\"$(PODS_ROOT)/TestFlightSDK\"";
				PODS_ROOT = "${SRCROOT}/Pods";
				PRODUCT_NAME = "$(TARGET_NAME)";
				TEST_HOST = "$(BUILT_PRODUCTS_DIR)/FlickSKK.app/FlickSKK";
			};
			name = Release;
		};
		EAD4B59519D5CB8A007B6636 /* Debug */ = {
			isa = XCBuildConfiguration;
			baseConfigurationReference = 70E538640700B5CE0D567B64 /* Pods.debug.xcconfig */;
			buildSettings = {
				CLANG_ENABLE_MODULES = YES;
				CODE_SIGN_ENTITLEMENTS = FlickSKKKeyboard/FlickSKKKeyboard.entitlements;
				GCC_OPTIMIZATION_LEVEL = s;
				GCC_PREPROCESSOR_DEFINITIONS = (
					"DEBUG=1",
					"$(inherited)",
				);
				INFOPLIST_FILE = FlickSKKKeyboard/Info.plist;
				LD_RUNPATH_SEARCH_PATHS = "$(inherited) @executable_path/Frameworks @executable_path/../../Frameworks";
				PRODUCT_NAME = "$(TARGET_NAME)";
				PROVISIONING_PROFILE = "";
				SKIP_INSTALL = YES;
				SWIFT_OPTIMIZATION_LEVEL = "-Onone";
			};
			name = Debug;
		};
		EAD4B59619D5CB8A007B6636 /* Release */ = {
			isa = XCBuildConfiguration;
			baseConfigurationReference = F3DD18F195A212F9D8B92DB9 /* Pods.release.xcconfig */;
			buildSettings = {
				CLANG_ENABLE_MODULES = YES;
				CODE_SIGN_ENTITLEMENTS = FlickSKKKeyboard/FlickSKKKeyboard.entitlements;
				INFOPLIST_FILE = FlickSKKKeyboard/Info.plist;
				LD_RUNPATH_SEARCH_PATHS = "$(inherited) @executable_path/Frameworks @executable_path/../../Frameworks";
				PRODUCT_NAME = "$(TARGET_NAME)";
				PROVISIONING_PROFILE = "";
				SKIP_INSTALL = YES;
				SWIFT_OPTIMIZATION_LEVEL = "-O";
			};
			name = Release;
		};
/* End XCBuildConfiguration section */

/* Begin XCConfigurationList section */
		EAD4B55B19D5CB50007B6636 /* Build configuration list for PBXProject "FlickSKK" */ = {
			isa = XCConfigurationList;
			buildConfigurations = (
				EAD4B57D19D5CB50007B6636 /* Debug */,
				EAD4B57E19D5CB50007B6636 /* Release */,
			);
			defaultConfigurationIsVisible = 0;
			defaultConfigurationName = Release;
		};
		EAD4B57F19D5CB50007B6636 /* Build configuration list for PBXNativeTarget "FlickSKK" */ = {
			isa = XCConfigurationList;
			buildConfigurations = (
				EAD4B58019D5CB50007B6636 /* Debug */,
				EAD4B58119D5CB50007B6636 /* Release */,
			);
			defaultConfigurationIsVisible = 0;
			defaultConfigurationName = Release;
		};
		EAD4B58219D5CB50007B6636 /* Build configuration list for PBXNativeTarget "FlickSKKTests" */ = {
			isa = XCConfigurationList;
			buildConfigurations = (
				EAD4B58319D5CB50007B6636 /* Debug */,
				EAD4B58419D5CB50007B6636 /* Release */,
			);
			defaultConfigurationIsVisible = 0;
			defaultConfigurationName = Release;
		};
		EAD4B59419D5CB8A007B6636 /* Build configuration list for PBXNativeTarget "FlickSKKKeyboard" */ = {
			isa = XCConfigurationList;
			buildConfigurations = (
				EAD4B59519D5CB8A007B6636 /* Debug */,
				EAD4B59619D5CB8A007B6636 /* Release */,
			);
			defaultConfigurationIsVisible = 0;
			defaultConfigurationName = Release;
		};
/* End XCConfigurationList section */
	};
	rootObject = EAD4B55819D5CB50007B6636 /* Project object */;
}
