// !$*UTF8*$!
{
	archiveVersion = 1;
	classes = {
	};
	objectVersion = 46;
	objects = {

/* Begin PBXBuildFile section */
		1306495B1A871FEE0044B225 /* KeyHandler.swift in Sources */ = {isa = PBXBuildFile; fileRef = 1306495A1A871FEE0044B225 /* KeyHandler.swift */; };
		1306495D1A8721180044B225 /* SKKKeyEvent.swift in Sources */ = {isa = PBXBuildFile; fileRef = 1306495C1A8721180044B225 /* SKKKeyEvent.swift */; };
		1306495E1A8723150044B225 /* KeyHandler.swift in Sources */ = {isa = PBXBuildFile; fileRef = 1306495A1A871FEE0044B225 /* KeyHandler.swift */; };
		1306495F1A8723170044B225 /* SKKKeyEvent.swift in Sources */ = {isa = PBXBuildFile; fileRef = 1306495C1A8721180044B225 /* SKKKeyEvent.swift */; };
		1307DDED1ABD6DCF00678358 /* TextEngineSpec.swift in Sources */ = {isa = PBXBuildFile; fileRef = 1307DDEC1ABD6DCF00678358 /* TextEngineSpec.swift */; };
		130CA3901A4EF94C00A84D24 /* NumberFormatter.swift in Sources */ = {isa = PBXBuildFile; fileRef = 130CA38F1A4EF94C00A84D24 /* NumberFormatter.swift */; };
		130CA3961A4EF99800A84D24 /* NumberFormatterSpec.swift in Sources */ = {isa = PBXBuildFile; fileRef = 130CA3951A4EF99800A84D24 /* NumberFormatterSpec.swift */; };
		130CA3971A4EFA3F00A84D24 /* NumberFormatter.swift in Sources */ = {isa = PBXBuildFile; fileRef = 130CA38F1A4EF94C00A84D24 /* NumberFormatter.swift */; };
		130CA3981A4EFA4200A84D24 /* NumberFormatter.swift in Sources */ = {isa = PBXBuildFile; fileRef = 130CA38F1A4EF94C00A84D24 /* NumberFormatter.swift */; };
		131D013F1AABF1830085E83C /* AsyncLoader.swift in Sources */ = {isa = PBXBuildFile; fileRef = 131D013E1AABF1830085E83C /* AsyncLoader.swift */; };
		131D01401AABF1830085E83C /* AsyncLoader.swift in Sources */ = {isa = PBXBuildFile; fileRef = 131D013E1AABF1830085E83C /* AsyncLoader.swift */; };
		131D01411AABF3090085E83C /* AsyncLoader.swift in Sources */ = {isa = PBXBuildFile; fileRef = 131D013E1AABF1830085E83C /* AsyncLoader.swift */; };
		131D01431AABF60C0085E83C /* DictionarySettings.swift in Sources */ = {isa = PBXBuildFile; fileRef = 131D01421AABF60C0085E83C /* DictionarySettings.swift */; };
		131D01441AABF60C0085E83C /* DictionarySettings.swift in Sources */ = {isa = PBXBuildFile; fileRef = 131D01421AABF60C0085E83C /* DictionarySettings.swift */; };
		131D01451AABF60D0085E83C /* DictionarySettings.swift in Sources */ = {isa = PBXBuildFile; fileRef = 131D01421AABF60C0085E83C /* DictionarySettings.swift */; };
		131DBA8F1A42403100756CFA /* WordRegisterViewController.swift in Sources */ = {isa = PBXBuildFile; fileRef = 131DBA8E1A42403100756CFA /* WordRegisterViewController.swift */; };
		133432C11A4D95030080280F /* SKKNumberPreprocessor.swift in Sources */ = {isa = PBXBuildFile; fileRef = 133432C01A4D95030080280F /* SKKNumberPreprocessor.swift */; };
		133432C61A4D9BA90080280F /* SKKNumberPreprocessor.swift in Sources */ = {isa = PBXBuildFile; fileRef = 133432C01A4D95030080280F /* SKKNumberPreprocessor.swift */; };
		133432C71A4D9BE90080280F /* SKKNumberPreprocessor.swift in Sources */ = {isa = PBXBuildFile; fileRef = 133432C01A4D95030080280F /* SKKNumberPreprocessor.swift */; };
		133CDCF619D98A3C00B8120D /* SKKDelegate.swift in Sources */ = {isa = PBXBuildFile; fileRef = 133CDCF519D98A3B00B8120D /* SKKDelegate.swift */; };
		1341A24919E96A7F00EE8AFA /* SKKDictionaryLocalFileSpec.swift in Sources */ = {isa = PBXBuildFile; fileRef = 1341A24819E96A7F00EE8AFA /* SKKDictionaryLocalFileSpec.swift */; };
		134721771AB8E4DD0047BB27 /* KanaFlickKey.swift in Sources */ = {isa = PBXBuildFile; fileRef = 134721761AB8E4DD0047BB27 /* KanaFlickKey.swift */; };
		134721791AB8E4EB0047BB27 /* KeyboardMode.swift in Sources */ = {isa = PBXBuildFile; fileRef = 134721781AB8E4EB0047BB27 /* KeyboardMode.swift */; };
		1347217D1AB8E7E70047BB27 /* KeyboardMode.swift in Sources */ = {isa = PBXBuildFile; fileRef = 134721781AB8E4EB0047BB27 /* KeyboardMode.swift */; };
		1347217E1AB8E7EC0047BB27 /* KanaFlickKey.swift in Sources */ = {isa = PBXBuildFile; fileRef = 134721761AB8E4DD0047BB27 /* KanaFlickKey.swift */; };
		134721801AB8ED170047BB27 /* EntryParser.swift in Sources */ = {isa = PBXBuildFile; fileRef = 1347217F1AB8ED170047BB27 /* EntryParser.swift */; };
		134721811AB8ED170047BB27 /* EntryParser.swift in Sources */ = {isa = PBXBuildFile; fileRef = 1347217F1AB8ED170047BB27 /* EntryParser.swift */; };
		134721821AB8EF2B0047BB27 /* EntryParser.swift in Sources */ = {isa = PBXBuildFile; fileRef = 1347217F1AB8ED170047BB27 /* EntryParser.swift */; };
		134DE87B1AAC0CAD00FF9CE5 /* DictionaryCache.swift in Sources */ = {isa = PBXBuildFile; fileRef = 13FAB2101AAB3AF30014C218 /* DictionaryCache.swift */; };
		135A44BB1A881F070089F84E /* ComposeModePresenter.swift in Sources */ = {isa = PBXBuildFile; fileRef = 135A44B91A881F070089F84E /* ComposeModePresenter.swift */; };
		135A44BD1A88203E0089F84E /* ComposeModePresenterSpec.swift in Sources */ = {isa = PBXBuildFile; fileRef = 135A44BC1A88203E0089F84E /* ComposeModePresenterSpec.swift */; };
		135A44BF1A8821440089F84E /* ComposeModePresenter.swift in Sources */ = {isa = PBXBuildFile; fileRef = 135A44B91A881F070089F84E /* ComposeModePresenter.swift */; };
		136610B71AA00FFB006AA8F1 /* KeyHandlerDirectInputSpec.swift in Sources */ = {isa = PBXBuildFile; fileRef = 136610B61AA00FFB006AA8F1 /* KeyHandlerDirectInputSpec.swift */; };
		136610BD1AA0100E006AA8F1 /* MockDelegate.swift in Sources */ = {isa = PBXBuildFile; fileRef = 136610BC1AA0100E006AA8F1 /* MockDelegate.swift */; };
		136610BF1AA01451006AA8F1 /* KeyHandlerBaseSpec.swift in Sources */ = {isa = PBXBuildFile; fileRef = 136610BE1AA01451006AA8F1 /* KeyHandlerBaseSpec.swift */; };
		136610C11AA03215006AA8F1 /* KeyHandlerKanaComposeSpec.swift in Sources */ = {isa = PBXBuildFile; fileRef = 136610C01AA03215006AA8F1 /* KeyHandlerKanaComposeSpec.swift */; };
		136610C31AA032C1006AA8F1 /* KeyHandlerKanjiComposeSpec.swift in Sources */ = {isa = PBXBuildFile; fileRef = 136610C21AA032C1006AA8F1 /* KeyHandlerKanjiComposeSpec.swift */; };
		136610C51AA03374006AA8F1 /* KeyHandlerWordRegisterWithDirectInputSpec.swift in Sources */ = {isa = PBXBuildFile; fileRef = 136610C41AA03374006AA8F1 /* KeyHandlerWordRegisterWithDirectInputSpec.swift */; };
		136610C71AA0344A006AA8F1 /* KeyHandlerWordRegisterWithKanaComposeSpec.swift in Sources */ = {isa = PBXBuildFile; fileRef = 136610C61AA0344A006AA8F1 /* KeyHandlerWordRegisterWithKanaComposeSpec.swift */; };
		1369D85C1AFDEBC000E41459 /* AudioToolbox.framework in Frameworks */ = {isa = PBXBuildFile; fileRef = 1369D85B1AFDEBC000E41459 /* AudioToolbox.framework */; };
		136D161119DAA0AE0091D6BF /* SKKInputMode.swift in Sources */ = {isa = PBXBuildFile; fileRef = 136D161019DAA0AE0091D6BF /* SKKInputMode.swift */; };
		136F409919E9D5ED009E3983 /* SKKDictionaryUserFileSpec.swift in Sources */ = {isa = PBXBuildFile; fileRef = 136F409819E9D5ED009E3983 /* SKKDictionaryUserFileSpec.swift */; };
		137AAB451A3C0F3F0092F8A5 /* KeyRepeatTimer.swift in Sources */ = {isa = PBXBuildFile; fileRef = 137AAB441A3C0F3F0092F8A5 /* KeyRepeatTimer.swift */; };
		137AAB4E1A3C13970092F8A5 /* KeyRepeatTimer.swift in Sources */ = {isa = PBXBuildFile; fileRef = 137AAB441A3C0F3F0092F8A5 /* KeyRepeatTimer.swift */; };
		137B0FC21ABD257600AF08F0 /* DictionaryEngineSpec.swift in Sources */ = {isa = PBXBuildFile; fileRef = 137B0FC11ABD257600AF08F0 /* DictionaryEngineSpec.swift */; };
		1388669A1A09202500B7D8A4 /* SKKDictionaryEntry.swift in Sources */ = {isa = PBXBuildFile; fileRef = 138866981A09202500B7D8A4 /* SKKDictionaryEntry.swift */; };
		1388669B1A09204300B7D8A4 /* SKKDictionaryEntry.swift in Sources */ = {isa = PBXBuildFile; fileRef = 138866981A09202500B7D8A4 /* SKKDictionaryEntry.swift */; };
		1388669C1A0920D500B7D8A4 /* SKKDictionaryEntry.swift in Sources */ = {isa = PBXBuildFile; fileRef = 138866981A09202500B7D8A4 /* SKKDictionaryEntry.swift */; };
		138968CE1A85E2F400614511 /* SKKEngine.swift in Sources */ = {isa = PBXBuildFile; fileRef = 138968CD1A85E2F400614511 /* SKKEngine.swift */; };
		138968D11A85ED7300614511 /* ComposeMode.swift in Sources */ = {isa = PBXBuildFile; fileRef = 138968D01A85ED7300614511 /* ComposeMode.swift */; };
		138968D91A85F42200614511 /* ComposeMode.swift in Sources */ = {isa = PBXBuildFile; fileRef = 138968D01A85ED7300614511 /* ComposeMode.swift */; };
		138968DB1A85F42500614511 /* SKKEngine.swift in Sources */ = {isa = PBXBuildFile; fileRef = 138968CD1A85E2F400614511 /* SKKEngine.swift */; };
		138EB85F1A9035D300CB16BC /* Appearance.swift in Sources */ = {isa = PBXBuildFile; fileRef = 138EB85E1A9035D300CB16BC /* Appearance.swift */; };
		138EB8601A9035D300CB16BC /* Appearance.swift in Sources */ = {isa = PBXBuildFile; fileRef = 138EB85E1A9035D300CB16BC /* Appearance.swift */; };
		138EB8611A9035D300CB16BC /* Appearance.swift in Sources */ = {isa = PBXBuildFile; fileRef = 138EB85E1A9035D300CB16BC /* Appearance.swift */; };
		13A454FC19E2DAC30039390A /* UtilitiesSpec.swift in Sources */ = {isa = PBXBuildFile; fileRef = 13A454FB19E2DAC30039390A /* UtilitiesSpec.swift */; };
		13B824811ABCE8E600F13FC3 /* Candidate.swift in Sources */ = {isa = PBXBuildFile; fileRef = 13B824801ABCE8E600F13FC3 /* Candidate.swift */; };
		13B824821ABCE8E600F13FC3 /* Candidate.swift in Sources */ = {isa = PBXBuildFile; fileRef = 13B824801ABCE8E600F13FC3 /* Candidate.swift */; };
		13D118CD19D99923009E9E79 /* skk.jisyo in Resources */ = {isa = PBXBuildFile; fileRef = 13D118C719D99923009E9E79 /* skk.jisyo */; };
		13D118D019D9994D009E9E79 /* SKKDictionary.swift in Sources */ = {isa = PBXBuildFile; fileRef = 13D118CE19D9994D009E9E79 /* SKKDictionary.swift */; };
		13D9B7711ABD191500E63F33 /* SKKDictionarySpec.swift in Sources */ = {isa = PBXBuildFile; fileRef = 13D9B7701ABD191500E63F33 /* SKKDictionarySpec.swift */; };
		13DFEABA19F079C5006D7E40 /* SKKDictionaryFile.swift in Sources */ = {isa = PBXBuildFile; fileRef = 13DFEAB919F079C5006D7E40 /* SKKDictionaryFile.swift */; };
		13DFEAC419F07A1F006D7E40 /* SKKDictionaryFile.swift in Sources */ = {isa = PBXBuildFile; fileRef = 13DFEAB919F079C5006D7E40 /* SKKDictionaryFile.swift */; };
		13DFEAC619F07A3C006D7E40 /* SKKUserDictionaryFile.swift in Sources */ = {isa = PBXBuildFile; fileRef = 13DFEAC519F07A3C006D7E40 /* SKKUserDictionaryFile.swift */; };
		13DFEAC819F07A54006D7E40 /* SKKLocalDictionaryFile.swift in Sources */ = {isa = PBXBuildFile; fileRef = 13DFEAC719F07A54006D7E40 /* SKKLocalDictionaryFile.swift */; };
		13DFEAC919F07AC6006D7E40 /* SKKUserDictionaryFile.swift in Sources */ = {isa = PBXBuildFile; fileRef = 13DFEAC519F07A3C006D7E40 /* SKKUserDictionaryFile.swift */; };
		13DFEACA19F07AC8006D7E40 /* SKKLocalDictionaryFile.swift in Sources */ = {isa = PBXBuildFile; fileRef = 13DFEAC719F07A54006D7E40 /* SKKLocalDictionaryFile.swift */; };
		13E33E7E1A9E855500CD1140 /* DictionaryEngine.swift in Sources */ = {isa = PBXBuildFile; fileRef = 13E33E7D1A9E855500CD1140 /* DictionaryEngine.swift */; };
		13E33E7F1A9E855500CD1140 /* DictionaryEngine.swift in Sources */ = {isa = PBXBuildFile; fileRef = 13E33E7D1A9E855500CD1140 /* DictionaryEngine.swift */; };
		13E33E851A9E87CA00CD1140 /* TextEngine.swift in Sources */ = {isa = PBXBuildFile; fileRef = 13E33E841A9E87CA00CD1140 /* TextEngine.swift */; };
		13E33E861A9E87CA00CD1140 /* TextEngine.swift in Sources */ = {isa = PBXBuildFile; fileRef = 13E33E841A9E87CA00CD1140 /* TextEngine.swift */; };
		13E33E881A9E8E3D00CD1140 /* ComposeModeFactory.swift in Sources */ = {isa = PBXBuildFile; fileRef = 13E33E871A9E8E3C00CD1140 /* ComposeModeFactory.swift */; };
		13E33E891A9E8E3D00CD1140 /* ComposeModeFactory.swift in Sources */ = {isa = PBXBuildFile; fileRef = 13E33E871A9E8E3C00CD1140 /* ComposeModeFactory.swift */; };
		13F4525419DC5399001A4A1B /* IOUtil.mm in Sources */ = {isa = PBXBuildFile; fileRef = 13F4525319DC5399001A4A1B /* IOUtil.mm */; };
		13F456381ADBD863004EB68D /* SKKNumberPreprocessorSpec.swift in Sources */ = {isa = PBXBuildFile; fileRef = 13F456371ADBD863004EB68D /* SKKNumberPreprocessorSpec.swift */; };
		13F9325819E2DBFC00AC5019 /* Utilities.swift in Sources */ = {isa = PBXBuildFile; fileRef = EAD4B59819D80AF3007B6636 /* Utilities.swift */; };
		13F9326119E2DC1700AC5019 /* SKKDelegate.swift in Sources */ = {isa = PBXBuildFile; fileRef = 133CDCF519D98A3B00B8120D /* SKKDelegate.swift */; };
		13F9326319E2DC1700AC5019 /* SKKDictionary.swift in Sources */ = {isa = PBXBuildFile; fileRef = 13D118CE19D9994D009E9E79 /* SKKDictionary.swift */; };
		13F9326419E2DC1700AC5019 /* SKKInputMode.swift in Sources */ = {isa = PBXBuildFile; fileRef = 136D161019DAA0AE0091D6BF /* SKKInputMode.swift */; };
		13F9326619E2DC1700AC5019 /* IOUtil.mm in Sources */ = {isa = PBXBuildFile; fileRef = 13F4525319DC5399001A4A1B /* IOUtil.mm */; };
		13F9326B19E2DC1700AC5019 /* KeyboardViewController.swift in Sources */ = {isa = PBXBuildFile; fileRef = EAD4B58D19D5CB8A007B6636 /* KeyboardViewController.swift */; };
		13F9326D19E2DC1700AC5019 /* KeyPad.swift in Sources */ = {isa = PBXBuildFile; fileRef = EA985FE519D84AAE0043564C /* KeyPad.swift */; };
		13F9326E19E2DC1700AC5019 /* KeyButton.swift in Sources */ = {isa = PBXBuildFile; fileRef = EA985FE719D84D060043564C /* KeyButton.swift */; };
		13F9326F19E2DC1700AC5019 /* KeyButtonFlickPopup.swift in Sources */ = {isa = PBXBuildFile; fileRef = EA2D4D7E19E173EC00607C35 /* KeyButtonFlickPopup.swift */; };
		13FAB2111AAB3AF30014C218 /* DictionaryCache.swift in Sources */ = {isa = PBXBuildFile; fileRef = 13FAB2101AAB3AF30014C218 /* DictionaryCache.swift */; };
		13FAB2121AAB3AF30014C218 /* DictionaryCache.swift in Sources */ = {isa = PBXBuildFile; fileRef = 13FAB2101AAB3AF30014C218 /* DictionaryCache.swift */; };
		13FFFD471A3D24F70049D45D /* skk.jisyo in Resources */ = {isa = PBXBuildFile; fileRef = 13D118C719D99923009E9E79 /* skk.jisyo */; };
		2CA134E9C453E4BC5F94BF95 /* Pods_FlickSKKTests.framework in Frameworks */ = {isa = PBXBuildFile; fileRef = 30FFB16661B439FA5D824AE2 /* Pods_FlickSKKTests.framework */; settings = {ATTRIBUTES = (Weak, ); }; };
		80E568DB1AA358920029DDBD /* flickskk_white.png in Resources */ = {isa = PBXBuildFile; fileRef = 80E568DA1AA358920029DDBD /* flickskk_white.png */; };
		80EA0A2A1AAB3C1300D7148D /* Settings.bundle in Resources */ = {isa = PBXBuildFile; fileRef = 80EA0A291AAB3C1300D7148D /* Settings.bundle */; };
		EA075F7F19DED7A4009AEF9F /* KeyboardSpacerView.swift in Sources */ = {isa = PBXBuildFile; fileRef = EA075F7E19DED7A4009AEF9F /* KeyboardSpacerView.swift */; };
		EA075F8019DED8C3009AEF9F /* Utilities.swift in Sources */ = {isa = PBXBuildFile; fileRef = EAD4B59819D80AF3007B6636 /* Utilities.swift */; };
		EA28E7F51A21D3B8005DF803 /* LaunchScreen.xib in Resources */ = {isa = PBXBuildFile; fileRef = EA28E7F41A21D3B8005DF803 /* LaunchScreen.xib */; };
		EA2D4D7F19E173EC00607C35 /* KeyButtonFlickPopup.swift in Sources */ = {isa = PBXBuildFile; fileRef = EA2D4D7E19E173EC00607C35 /* KeyButtonFlickPopup.swift */; };
		EA349A481A903BDE00084BDE /* AppDelegate.swift in Sources */ = {isa = PBXBuildFile; fileRef = EA349A471A903BDE00084BDE /* AppDelegate.swift */; };
		EA349A4A1A903BDE00084BDE /* ViewController.swift in Sources */ = {isa = PBXBuildFile; fileRef = EA349A491A903BDE00084BDE /* ViewController.swift */; };
		EA349A4F1A903BDE00084BDE /* Images.xcassets in Resources */ = {isa = PBXBuildFile; fileRef = EA349A4E1A903BDE00084BDE /* Images.xcassets */; };
		EA349A521A903BDE00084BDE /* LaunchScreen.xib in Resources */ = {isa = PBXBuildFile; fileRef = EA349A501A903BDE00084BDE /* LaunchScreen.xib */; };
		EA349A771A9043C200084BDE /* Appearance.swift in Sources */ = {isa = PBXBuildFile; fileRef = 138EB85E1A9035D300CB16BC /* Appearance.swift */; };
		EA56B0231A221CA500954B5F /* KeyboardImages.xcassets in Resources */ = {isa = PBXBuildFile; fileRef = EA56B0221A221CA500954B5F /* KeyboardImages.xcassets */; };
		EA892D5719FBE70400265181 /* iTunesArtwork in Resources */ = {isa = PBXBuildFile; fileRef = EA892D5519FBE70400265181 /* iTunesArtwork */; };
		EA892D5819FBE70400265181 /* iTunesArtwork@2x in Resources */ = {isa = PBXBuildFile; fileRef = EA892D5619FBE70400265181 /* iTunesArtwork@2x */; };
		EA985FE619D84AAE0043564C /* KeyPad.swift in Sources */ = {isa = PBXBuildFile; fileRef = EA985FE519D84AAE0043564C /* KeyPad.swift */; };
		EA985FE819D84D060043564C /* KeyButton.swift in Sources */ = {isa = PBXBuildFile; fileRef = EA985FE719D84D060043564C /* KeyButton.swift */; };
		EAB03E3C1A765DAF00F3F28F /* SessionView.swift in Sources */ = {isa = PBXBuildFile; fileRef = EAB03E3B1A765DAF00F3F28F /* SessionView.swift */; };
		EAB03E411A76607A00F3F28F /* SessionView.swift in Sources */ = {isa = PBXBuildFile; fileRef = EAB03E3B1A765DAF00F3F28F /* SessionView.swift */; };
		EACD529A19F3F0C4001FB2A7 /* Localizable.strings in Resources */ = {isa = PBXBuildFile; fileRef = EACD529D19F3F0C4001FB2A7 /* Localizable.strings */; };
		EACD529B19F3F0C4001FB2A7 /* Localizable.strings in Resources */ = {isa = PBXBuildFile; fileRef = EACD529D19F3F0C4001FB2A7 /* Localizable.strings */; };
		EACD52A119F3F2EC001FB2A7 /* WebViewController.swift in Sources */ = {isa = PBXBuildFile; fileRef = EACD52A019F3F2EC001FB2A7 /* WebViewController.swift */; };
		EACD52A419F3F58B001FB2A7 /* html in Resources */ = {isa = PBXBuildFile; fileRef = EACD52A319F3F58B001FB2A7 /* html */; };
		EACD52AA19F3FD43001FB2A7 /* UserDictionaryViewController.swift in Sources */ = {isa = PBXBuildFile; fileRef = EACD52A919F3FD43001FB2A7 /* UserDictionaryViewController.swift */; };
		EACD52B319F3FECF001FB2A7 /* SKKDictionary.swift in Sources */ = {isa = PBXBuildFile; fileRef = 13D118CE19D9994D009E9E79 /* SKKDictionary.swift */; };
		EACD52B419F3FEE4001FB2A7 /* SKKUserDictionaryFile.swift in Sources */ = {isa = PBXBuildFile; fileRef = 13DFEAC519F07A3C006D7E40 /* SKKUserDictionaryFile.swift */; };
		EACD52B519F3FEF1001FB2A7 /* SKKDictionaryFile.swift in Sources */ = {isa = PBXBuildFile; fileRef = 13DFEAB919F079C5006D7E40 /* SKKDictionaryFile.swift */; };
		EACD52B619F3FEFD001FB2A7 /* SKKLocalDictionaryFile.swift in Sources */ = {isa = PBXBuildFile; fileRef = 13DFEAC719F07A54006D7E40 /* SKKLocalDictionaryFile.swift */; };
		EACD52B719F3FF0F001FB2A7 /* IOUtil.mm in Sources */ = {isa = PBXBuildFile; fileRef = 13F4525319DC5399001A4A1B /* IOUtil.mm */; };
		EAD4B56619D5CB50007B6636 /* AppDelegate.swift in Sources */ = {isa = PBXBuildFile; fileRef = EAD4B56519D5CB50007B6636 /* AppDelegate.swift */; };
		EAD4B56819D5CB50007B6636 /* MainMenuViewController.swift in Sources */ = {isa = PBXBuildFile; fileRef = EAD4B56719D5CB50007B6636 /* MainMenuViewController.swift */; };
		EAD4B56D19D5CB50007B6636 /* Images.xcassets in Resources */ = {isa = PBXBuildFile; fileRef = EAD4B56C19D5CB50007B6636 /* Images.xcassets */; };
		EAD4B58E19D5CB8A007B6636 /* KeyboardViewController.swift in Sources */ = {isa = PBXBuildFile; fileRef = EAD4B58D19D5CB8A007B6636 /* KeyboardViewController.swift */; };
		EAD4B59119D5CB8A007B6636 /* FlickSKKKeyboard.appex in Embed App Extensions */ = {isa = PBXBuildFile; fileRef = EAD4B58919D5CB8A007B6636 /* FlickSKKKeyboard.appex */; settings = {ATTRIBUTES = (RemoveHeadersOnCopy, ); }; };
		EAD4B59919D80AF3007B6636 /* Utilities.swift in Sources */ = {isa = PBXBuildFile; fileRef = EAD4B59819D80AF3007B6636 /* Utilities.swift */; };
		EAF1DB6F19FBFDFD00816CF5 /* AppGroup.m in Sources */ = {isa = PBXBuildFile; fileRef = EAF1DB6E19FBFDFD00816CF5 /* AppGroup.m */; };
		EAF1DB7019FBFDFD00816CF5 /* AppGroup.m in Sources */ = {isa = PBXBuildFile; fileRef = EAF1DB6E19FBFDFD00816CF5 /* AppGroup.m */; };
		EAF4AF661ADBF50B000C5E05 /* SafeTableViewController.swift in Sources */ = {isa = PBXBuildFile; fileRef = EAF4AF651ADBF50B000C5E05 /* SafeTableViewController.swift */; };
/* End PBXBuildFile section */

/* Begin PBXContainerItemProxy section */
		1394A9B319E2D97200F01BF0 /* PBXContainerItemProxy */ = {
			isa = PBXContainerItemProxy;
			containerPortal = EAD4B55819D5CB50007B6636 /* Project object */;
			proxyType = 1;
			remoteGlobalIDString = EAD4B58819D5CB8A007B6636;
			remoteInfo = FlickSKKKeyboard;
		};
		13A454F119E2DA3B0039390A /* PBXContainerItemProxy */ = {
			isa = PBXContainerItemProxy;
			containerPortal = EAD4B55819D5CB50007B6636 /* Project object */;
			proxyType = 1;
			remoteGlobalIDString = EAD4B55F19D5CB50007B6636;
			remoteInfo = FlickSKK;
		};
		EAD4B58F19D5CB8A007B6636 /* PBXContainerItemProxy */ = {
			isa = PBXContainerItemProxy;
			containerPortal = EAD4B55819D5CB50007B6636 /* Project object */;
			proxyType = 1;
			remoteGlobalIDString = EAD4B58819D5CB8A007B6636;
			remoteInfo = FlickSKKKeyboard;
		};
		EAD4B59219D5CB8A007B6636 /* PBXContainerItemProxy */ = {
			isa = PBXContainerItemProxy;
			containerPortal = EAD4B55819D5CB50007B6636 /* Project object */;
			proxyType = 1;
			remoteGlobalIDString = EAD4B58819D5CB8A007B6636;
			remoteInfo = FlickSKKKeyboard;
		};
/* End PBXContainerItemProxy section */

/* Begin PBXCopyFilesBuildPhase section */
		EA997CB61A3D8206006D5AA2 /* Copy Frameworks */ = {
			isa = PBXCopyFilesBuildPhase;
			buildActionMask = 2147483647;
			dstPath = "";
			dstSubfolderSpec = 10;
			files = (
			);
			name = "Copy Frameworks";
			runOnlyForDeploymentPostprocessing = 0;
		};
		EAD4B59719D5CB8A007B6636 /* Embed App Extensions */ = {
			isa = PBXCopyFilesBuildPhase;
			buildActionMask = 2147483647;
			dstPath = "";
			dstSubfolderSpec = 13;
			files = (
				EAD4B59119D5CB8A007B6636 /* FlickSKKKeyboard.appex in Embed App Extensions */,
			);
			name = "Embed App Extensions";
			runOnlyForDeploymentPostprocessing = 0;
		};
/* End PBXCopyFilesBuildPhase section */

/* Begin PBXFileReference section */
		0CA289C0ED7662F2EF0F3718 /* libPods.a */ = {isa = PBXFileReference; explicitFileType = archive.ar; includeInIndex = 0; path = libPods.a; sourceTree = BUILT_PRODUCTS_DIR; };
		1306495A1A871FEE0044B225 /* KeyHandler.swift */ = {isa = PBXFileReference; fileEncoding = 4; lastKnownFileType = sourcecode.swift; path = KeyHandler.swift; sourceTree = "<group>"; };
		1306495C1A8721180044B225 /* SKKKeyEvent.swift */ = {isa = PBXFileReference; fileEncoding = 4; lastKnownFileType = sourcecode.swift; path = SKKKeyEvent.swift; sourceTree = "<group>"; };
		1307DDEC1ABD6DCF00678358 /* TextEngineSpec.swift */ = {isa = PBXFileReference; fileEncoding = 4; lastKnownFileType = sourcecode.swift; path = TextEngineSpec.swift; sourceTree = "<group>"; };
		130CA38F1A4EF94C00A84D24 /* NumberFormatter.swift */ = {isa = PBXFileReference; fileEncoding = 4; lastKnownFileType = sourcecode.swift; path = NumberFormatter.swift; sourceTree = "<group>"; };
		130CA3951A4EF99800A84D24 /* NumberFormatterSpec.swift */ = {isa = PBXFileReference; fileEncoding = 4; lastKnownFileType = sourcecode.swift; path = NumberFormatterSpec.swift; sourceTree = "<group>"; };
		131D013E1AABF1830085E83C /* AsyncLoader.swift */ = {isa = PBXFileReference; fileEncoding = 4; lastKnownFileType = sourcecode.swift; path = AsyncLoader.swift; sourceTree = "<group>"; };
		131D01421AABF60C0085E83C /* DictionarySettings.swift */ = {isa = PBXFileReference; fileEncoding = 4; lastKnownFileType = sourcecode.swift; path = DictionarySettings.swift; sourceTree = "<group>"; };
		131DBA8E1A42403100756CFA /* WordRegisterViewController.swift */ = {isa = PBXFileReference; fileEncoding = 4; lastKnownFileType = sourcecode.swift; path = WordRegisterViewController.swift; sourceTree = "<group>"; };
		133432C01A4D95030080280F /* SKKNumberPreprocessor.swift */ = {isa = PBXFileReference; fileEncoding = 4; lastKnownFileType = sourcecode.swift; path = SKKNumberPreprocessor.swift; sourceTree = "<group>"; };
		133CDCF519D98A3B00B8120D /* SKKDelegate.swift */ = {isa = PBXFileReference; fileEncoding = 4; lastKnownFileType = sourcecode.swift; path = SKKDelegate.swift; sourceTree = "<group>"; };
		1341A24819E96A7F00EE8AFA /* SKKDictionaryLocalFileSpec.swift */ = {isa = PBXFileReference; fileEncoding = 4; lastKnownFileType = sourcecode.swift; path = SKKDictionaryLocalFileSpec.swift; sourceTree = "<group>"; };
		134721761AB8E4DD0047BB27 /* KanaFlickKey.swift */ = {isa = PBXFileReference; fileEncoding = 4; lastKnownFileType = sourcecode.swift; path = KanaFlickKey.swift; sourceTree = "<group>"; };
		134721781AB8E4EB0047BB27 /* KeyboardMode.swift */ = {isa = PBXFileReference; fileEncoding = 4; lastKnownFileType = sourcecode.swift; path = KeyboardMode.swift; sourceTree = "<group>"; };
		1347217F1AB8ED170047BB27 /* EntryParser.swift */ = {isa = PBXFileReference; fileEncoding = 4; lastKnownFileType = sourcecode.swift; path = EntryParser.swift; sourceTree = "<group>"; };
		135A44B91A881F070089F84E /* ComposeModePresenter.swift */ = {isa = PBXFileReference; fileEncoding = 4; lastKnownFileType = sourcecode.swift; path = ComposeModePresenter.swift; sourceTree = "<group>"; };
		135A44BC1A88203E0089F84E /* ComposeModePresenterSpec.swift */ = {isa = PBXFileReference; fileEncoding = 4; lastKnownFileType = sourcecode.swift; path = ComposeModePresenterSpec.swift; sourceTree = "<group>"; };
		136610B61AA00FFB006AA8F1 /* KeyHandlerDirectInputSpec.swift */ = {isa = PBXFileReference; fileEncoding = 4; lastKnownFileType = sourcecode.swift; path = KeyHandlerDirectInputSpec.swift; sourceTree = "<group>"; };
		136610BC1AA0100E006AA8F1 /* MockDelegate.swift */ = {isa = PBXFileReference; fileEncoding = 4; lastKnownFileType = sourcecode.swift; path = MockDelegate.swift; sourceTree = "<group>"; };
		136610BE1AA01451006AA8F1 /* KeyHandlerBaseSpec.swift */ = {isa = PBXFileReference; fileEncoding = 4; lastKnownFileType = sourcecode.swift; path = KeyHandlerBaseSpec.swift; sourceTree = "<group>"; };
		136610C01AA03215006AA8F1 /* KeyHandlerKanaComposeSpec.swift */ = {isa = PBXFileReference; fileEncoding = 4; lastKnownFileType = sourcecode.swift; path = KeyHandlerKanaComposeSpec.swift; sourceTree = "<group>"; };
		136610C21AA032C1006AA8F1 /* KeyHandlerKanjiComposeSpec.swift */ = {isa = PBXFileReference; fileEncoding = 4; lastKnownFileType = sourcecode.swift; path = KeyHandlerKanjiComposeSpec.swift; sourceTree = "<group>"; };
		136610C41AA03374006AA8F1 /* KeyHandlerWordRegisterWithDirectInputSpec.swift */ = {isa = PBXFileReference; fileEncoding = 4; lastKnownFileType = sourcecode.swift; path = KeyHandlerWordRegisterWithDirectInputSpec.swift; sourceTree = "<group>"; };
		136610C61AA0344A006AA8F1 /* KeyHandlerWordRegisterWithKanaComposeSpec.swift */ = {isa = PBXFileReference; fileEncoding = 4; lastKnownFileType = sourcecode.swift; path = KeyHandlerWordRegisterWithKanaComposeSpec.swift; sourceTree = "<group>"; };
		1369D85B1AFDEBC000E41459 /* AudioToolbox.framework */ = {isa = PBXFileReference; lastKnownFileType = wrapper.framework; name = AudioToolbox.framework; path = System/Library/Frameworks/AudioToolbox.framework; sourceTree = SDKROOT; };
		136D161019DAA0AE0091D6BF /* SKKInputMode.swift */ = {isa = PBXFileReference; fileEncoding = 4; lastKnownFileType = sourcecode.swift; path = SKKInputMode.swift; sourceTree = "<group>"; };
		136F409819E9D5ED009E3983 /* SKKDictionaryUserFileSpec.swift */ = {isa = PBXFileReference; fileEncoding = 4; lastKnownFileType = sourcecode.swift; path = SKKDictionaryUserFileSpec.swift; sourceTree = "<group>"; };
		137AAB441A3C0F3F0092F8A5 /* KeyRepeatTimer.swift */ = {isa = PBXFileReference; fileEncoding = 4; lastKnownFileType = sourcecode.swift; path = KeyRepeatTimer.swift; sourceTree = "<group>"; };
		137B0FC11ABD257600AF08F0 /* DictionaryEngineSpec.swift */ = {isa = PBXFileReference; fileEncoding = 4; lastKnownFileType = sourcecode.swift; path = DictionaryEngineSpec.swift; sourceTree = "<group>"; };
		138866981A09202500B7D8A4 /* SKKDictionaryEntry.swift */ = {isa = PBXFileReference; fileEncoding = 4; lastKnownFileType = sourcecode.swift; path = SKKDictionaryEntry.swift; sourceTree = "<group>"; };
		138968CD1A85E2F400614511 /* SKKEngine.swift */ = {isa = PBXFileReference; fileEncoding = 4; lastKnownFileType = sourcecode.swift; path = SKKEngine.swift; sourceTree = "<group>"; };
		138968D01A85ED7300614511 /* ComposeMode.swift */ = {isa = PBXFileReference; fileEncoding = 4; lastKnownFileType = sourcecode.swift; path = ComposeMode.swift; sourceTree = "<group>"; };
		138EB85E1A9035D300CB16BC /* Appearance.swift */ = {isa = PBXFileReference; fileEncoding = 4; lastKnownFileType = sourcecode.swift; path = Appearance.swift; sourceTree = "<group>"; };
		13A454FB19E2DAC30039390A /* UtilitiesSpec.swift */ = {isa = PBXFileReference; fileEncoding = 4; lastKnownFileType = sourcecode.swift; path = UtilitiesSpec.swift; sourceTree = "<group>"; };
		13B824801ABCE8E600F13FC3 /* Candidate.swift */ = {isa = PBXFileReference; fileEncoding = 4; lastKnownFileType = sourcecode.swift; path = Candidate.swift; sourceTree = "<group>"; };
		13D118C719D99923009E9E79 /* skk.jisyo */ = {isa = PBXFileReference; fileEncoding = 4; lastKnownFileType = text; path = skk.jisyo; sourceTree = "<group>"; };
		13D118CE19D9994D009E9E79 /* SKKDictionary.swift */ = {isa = PBXFileReference; fileEncoding = 4; lastKnownFileType = sourcecode.swift; path = SKKDictionary.swift; sourceTree = "<group>"; };
		13D9B7701ABD191500E63F33 /* SKKDictionarySpec.swift */ = {isa = PBXFileReference; fileEncoding = 4; lastKnownFileType = sourcecode.swift; path = SKKDictionarySpec.swift; sourceTree = "<group>"; };
		13DFEAB919F079C5006D7E40 /* SKKDictionaryFile.swift */ = {isa = PBXFileReference; fileEncoding = 4; lastKnownFileType = sourcecode.swift; path = SKKDictionaryFile.swift; sourceTree = "<group>"; };
		13DFEAC519F07A3C006D7E40 /* SKKUserDictionaryFile.swift */ = {isa = PBXFileReference; fileEncoding = 4; lastKnownFileType = sourcecode.swift; path = SKKUserDictionaryFile.swift; sourceTree = "<group>"; };
		13DFEAC719F07A54006D7E40 /* SKKLocalDictionaryFile.swift */ = {isa = PBXFileReference; fileEncoding = 4; lastKnownFileType = sourcecode.swift; path = SKKLocalDictionaryFile.swift; sourceTree = "<group>"; };
		13E33E7D1A9E855500CD1140 /* DictionaryEngine.swift */ = {isa = PBXFileReference; fileEncoding = 4; lastKnownFileType = sourcecode.swift; path = DictionaryEngine.swift; sourceTree = "<group>"; };
		13E33E841A9E87CA00CD1140 /* TextEngine.swift */ = {isa = PBXFileReference; fileEncoding = 4; lastKnownFileType = sourcecode.swift; path = TextEngine.swift; sourceTree = "<group>"; };
		13E33E871A9E8E3C00CD1140 /* ComposeModeFactory.swift */ = {isa = PBXFileReference; fileEncoding = 4; lastKnownFileType = sourcecode.swift; path = ComposeModeFactory.swift; sourceTree = "<group>"; };
		13F4525119DC538B001A4A1B /* IOUtil.h */ = {isa = PBXFileReference; lastKnownFileType = sourcecode.c.h; path = IOUtil.h; sourceTree = "<group>"; };
		13F4525319DC5399001A4A1B /* IOUtil.mm */ = {isa = PBXFileReference; fileEncoding = 4; lastKnownFileType = sourcecode.cpp.objcpp; path = IOUtil.mm; sourceTree = "<group>"; };
		13F456371ADBD863004EB68D /* SKKNumberPreprocessorSpec.swift */ = {isa = PBXFileReference; fileEncoding = 4; lastKnownFileType = sourcecode.swift; path = SKKNumberPreprocessorSpec.swift; sourceTree = "<group>"; };
		13FAB2101AAB3AF30014C218 /* DictionaryCache.swift */ = {isa = PBXFileReference; fileEncoding = 4; lastKnownFileType = sourcecode.swift; path = DictionaryCache.swift; sourceTree = "<group>"; };
		30FFB16661B439FA5D824AE2 /* Pods_FlickSKKTests.framework */ = {isa = PBXFileReference; explicitFileType = wrapper.framework; includeInIndex = 0; path = Pods_FlickSKKTests.framework; sourceTree = BUILT_PRODUCTS_DIR; };
		3844229268B653C0DEAC56F1 /* Pods-FlickSKKTests.release.xcconfig */ = {isa = PBXFileReference; includeInIndex = 1; lastKnownFileType = text.xcconfig; name = "Pods-FlickSKKTests.release.xcconfig"; path = "Pods/Target Support Files/Pods-FlickSKKTests/Pods-FlickSKKTests.release.xcconfig"; sourceTree = "<group>"; };
		70E538640700B5CE0D567B64 /* Pods.debug.xcconfig */ = {isa = PBXFileReference; includeInIndex = 1; lastKnownFileType = text.xcconfig; name = Pods.debug.xcconfig; path = "Pods/Target Support Files/Pods/Pods.debug.xcconfig"; sourceTree = "<group>"; };
		80E568DA1AA358920029DDBD /* flickskk_white.png */ = {isa = PBXFileReference; lastKnownFileType = image.png; path = flickskk_white.png; sourceTree = "<group>"; };
		80EA0A291AAB3C1300D7148D /* Settings.bundle */ = {isa = PBXFileReference; lastKnownFileType = "wrapper.plug-in"; path = Settings.bundle; sourceTree = "<group>"; };
		EA075F7E19DED7A4009AEF9F /* KeyboardSpacerView.swift */ = {isa = PBXFileReference; fileEncoding = 4; lastKnownFileType = sourcecode.swift; path = KeyboardSpacerView.swift; sourceTree = "<group>"; };
		EA28E7F41A21D3B8005DF803 /* LaunchScreen.xib */ = {isa = PBXFileReference; fileEncoding = 4; lastKnownFileType = file.xib; path = LaunchScreen.xib; sourceTree = "<group>"; };
		EA2D4D7E19E173EC00607C35 /* KeyButtonFlickPopup.swift */ = {isa = PBXFileReference; fileEncoding = 4; lastKnownFileType = sourcecode.swift; path = KeyButtonFlickPopup.swift; sourceTree = "<group>"; };
		EA349A431A903BDE00084BDE /* Memo.app */ = {isa = PBXFileReference; explicitFileType = wrapper.application; includeInIndex = 0; path = Memo.app; sourceTree = BUILT_PRODUCTS_DIR; };
		EA349A461A903BDE00084BDE /* Info.plist */ = {isa = PBXFileReference; lastKnownFileType = text.plist.xml; path = Info.plist; sourceTree = "<group>"; };
		EA349A471A903BDE00084BDE /* AppDelegate.swift */ = {isa = PBXFileReference; lastKnownFileType = sourcecode.swift; path = AppDelegate.swift; sourceTree = "<group>"; };
		EA349A491A903BDE00084BDE /* ViewController.swift */ = {isa = PBXFileReference; lastKnownFileType = sourcecode.swift; path = ViewController.swift; sourceTree = "<group>"; };
		EA349A4E1A903BDE00084BDE /* Images.xcassets */ = {isa = PBXFileReference; lastKnownFileType = folder.assetcatalog; path = Images.xcassets; sourceTree = "<group>"; };
		EA349A511A903BDE00084BDE /* Base */ = {isa = PBXFileReference; lastKnownFileType = file.xib; name = Base; path = Base.lproj/LaunchScreen.xib; sourceTree = "<group>"; };
		EA56B0221A221CA500954B5F /* KeyboardImages.xcassets */ = {isa = PBXFileReference; lastKnownFileType = folder.assetcatalog; path = KeyboardImages.xcassets; sourceTree = "<group>"; };
		EA892D5519FBE70400265181 /* iTunesArtwork */ = {isa = PBXFileReference; lastKnownFileType = file; path = iTunesArtwork; sourceTree = "<group>"; };
		EA892D5619FBE70400265181 /* iTunesArtwork@2x */ = {isa = PBXFileReference; lastKnownFileType = file; path = "iTunesArtwork@2x"; sourceTree = "<group>"; };
		EA985FE519D84AAE0043564C /* KeyPad.swift */ = {isa = PBXFileReference; fileEncoding = 4; lastKnownFileType = sourcecode.swift; path = KeyPad.swift; sourceTree = "<group>"; };
		EA985FE719D84D060043564C /* KeyButton.swift */ = {isa = PBXFileReference; fileEncoding = 4; lastKnownFileType = sourcecode.swift; path = KeyButton.swift; sourceTree = "<group>"; };
		EAB03E3B1A765DAF00F3F28F /* SessionView.swift */ = {isa = PBXFileReference; fileEncoding = 4; lastKnownFileType = sourcecode.swift; path = SessionView.swift; sourceTree = "<group>"; };
		EACD529E19F3F18D001FB2A7 /* ja */ = {isa = PBXFileReference; lastKnownFileType = text.plist.strings; name = ja; path = ja.lproj/Localizable.strings; sourceTree = "<group>"; };
		EACD52A019F3F2EC001FB2A7 /* WebViewController.swift */ = {isa = PBXFileReference; fileEncoding = 4; lastKnownFileType = sourcecode.swift; path = WebViewController.swift; sourceTree = "<group>"; };
		EACD52A319F3F58B001FB2A7 /* html */ = {isa = PBXFileReference; lastKnownFileType = folder; name = html; path = FlickSKK/html; sourceTree = SOURCE_ROOT; };
		EACD52A919F3FD43001FB2A7 /* UserDictionaryViewController.swift */ = {isa = PBXFileReference; fileEncoding = 4; lastKnownFileType = sourcecode.swift; path = UserDictionaryViewController.swift; sourceTree = "<group>"; };
		EACD52B819F40599001FB2A7 /* FlickSKK.entitlements */ = {isa = PBXFileReference; lastKnownFileType = text.xml; path = FlickSKK.entitlements; sourceTree = "<group>"; };
		EACD52B919F406AE001FB2A7 /* FlickSKKKeyboard.entitlements */ = {isa = PBXFileReference; lastKnownFileType = text.xml; path = FlickSKKKeyboard.entitlements; sourceTree = "<group>"; };
		EAD4B56019D5CB50007B6636 /* FlickSKK.app */ = {isa = PBXFileReference; explicitFileType = wrapper.application; includeInIndex = 0; path = FlickSKK.app; sourceTree = BUILT_PRODUCTS_DIR; };
		EAD4B56419D5CB50007B6636 /* Info.plist */ = {isa = PBXFileReference; lastKnownFileType = text.plist.xml; path = Info.plist; sourceTree = "<group>"; };
		EAD4B56519D5CB50007B6636 /* AppDelegate.swift */ = {isa = PBXFileReference; lastKnownFileType = sourcecode.swift; path = AppDelegate.swift; sourceTree = "<group>"; };
		EAD4B56719D5CB50007B6636 /* MainMenuViewController.swift */ = {isa = PBXFileReference; lastKnownFileType = sourcecode.swift; path = MainMenuViewController.swift; sourceTree = "<group>"; };
		EAD4B56C19D5CB50007B6636 /* Images.xcassets */ = {isa = PBXFileReference; lastKnownFileType = folder.assetcatalog; path = Images.xcassets; sourceTree = "<group>"; };
		EAD4B57519D5CB50007B6636 /* FlickSKKTests.xctest */ = {isa = PBXFileReference; explicitFileType = wrapper.cfbundle; includeInIndex = 0; path = FlickSKKTests.xctest; sourceTree = BUILT_PRODUCTS_DIR; };
		EAD4B57A19D5CB50007B6636 /* Info.plist */ = {isa = PBXFileReference; lastKnownFileType = text.plist.xml; path = Info.plist; sourceTree = "<group>"; };
		EAD4B58919D5CB8A007B6636 /* FlickSKKKeyboard.appex */ = {isa = PBXFileReference; explicitFileType = "wrapper.app-extension"; includeInIndex = 0; path = FlickSKKKeyboard.appex; sourceTree = BUILT_PRODUCTS_DIR; };
		EAD4B58C19D5CB8A007B6636 /* Info.plist */ = {isa = PBXFileReference; lastKnownFileType = text.plist.xml; path = Info.plist; sourceTree = "<group>"; };
		EAD4B58D19D5CB8A007B6636 /* KeyboardViewController.swift */ = {isa = PBXFileReference; lastKnownFileType = sourcecode.swift; path = KeyboardViewController.swift; sourceTree = "<group>"; };
		EAD4B59819D80AF3007B6636 /* Utilities.swift */ = {isa = PBXFileReference; fileEncoding = 4; lastKnownFileType = sourcecode.swift; path = Utilities.swift; sourceTree = "<group>"; };
		EAE8EA441A2083BD008316DD /* Config.xcconfig */ = {isa = PBXFileReference; fileEncoding = 4; lastKnownFileType = text.xcconfig; path = Config.xcconfig; sourceTree = "<group>"; };
		EAE8EA4A1A2097A2008316DD /* Config.xcconfig.example */ = {isa = PBXFileReference; lastKnownFileType = text; path = Config.xcconfig.example; sourceTree = "<group>"; };
		EAF1DB6D19FBFDFD00816CF5 /* AppGroup.h */ = {isa = PBXFileReference; fileEncoding = 4; lastKnownFileType = sourcecode.c.h; name = AppGroup.h; path = Common/AppGroup.h; sourceTree = SOURCE_ROOT; };
		EAF1DB6E19FBFDFD00816CF5 /* AppGroup.m */ = {isa = PBXFileReference; fileEncoding = 4; lastKnownFileType = sourcecode.c.objc; name = AppGroup.m; path = Common/AppGroup.m; sourceTree = SOURCE_ROOT; };
		EAF1DB7119FBFF9900816CF5 /* FlickSKK-Common-Bridging-Header.h */ = {isa = PBXFileReference; lastKnownFileType = sourcecode.c.h; name = "FlickSKK-Common-Bridging-Header.h"; path = "Common/FlickSKK-Common-Bridging-Header.h"; sourceTree = SOURCE_ROOT; };
		EAF4AF651ADBF50B000C5E05 /* SafeTableViewController.swift */ = {isa = PBXFileReference; fileEncoding = 4; lastKnownFileType = sourcecode.swift; path = SafeTableViewController.swift; sourceTree = "<group>"; };
		F3DD18F195A212F9D8B92DB9 /* Pods.release.xcconfig */ = {isa = PBXFileReference; includeInIndex = 1; lastKnownFileType = text.xcconfig; name = Pods.release.xcconfig; path = "Pods/Target Support Files/Pods/Pods.release.xcconfig"; sourceTree = "<group>"; };
		FD71814B766075686A2CE75B /* Pods-FlickSKKTests.debug.xcconfig */ = {isa = PBXFileReference; includeInIndex = 1; lastKnownFileType = text.xcconfig; name = "Pods-FlickSKKTests.debug.xcconfig"; path = "Pods/Target Support Files/Pods-FlickSKKTests/Pods-FlickSKKTests.debug.xcconfig"; sourceTree = "<group>"; };
/* End PBXFileReference section */

/* Begin PBXFrameworksBuildPhase section */
		EA349A401A903BDE00084BDE /* Frameworks */ = {
			isa = PBXFrameworksBuildPhase;
			buildActionMask = 2147483647;
			files = (
			);
			runOnlyForDeploymentPostprocessing = 0;
		};
		EAD4B55D19D5CB50007B6636 /* Frameworks */ = {
			isa = PBXFrameworksBuildPhase;
			buildActionMask = 2147483647;
			files = (
			);
			runOnlyForDeploymentPostprocessing = 0;
		};
		EAD4B57219D5CB50007B6636 /* Frameworks */ = {
			isa = PBXFrameworksBuildPhase;
			buildActionMask = 2147483647;
			files = (
				2CA134E9C453E4BC5F94BF95 /* Pods_FlickSKKTests.framework in Frameworks */,
			);
			runOnlyForDeploymentPostprocessing = 0;
		};
		EAD4B58619D5CB8A007B6636 /* Frameworks */ = {
			isa = PBXFrameworksBuildPhase;
			buildActionMask = 2147483647;
			files = (
				1369D85C1AFDEBC000E41459 /* AudioToolbox.framework in Frameworks */,
			);
			runOnlyForDeploymentPostprocessing = 0;
		};
/* End PBXFrameworksBuildPhase section */

/* Begin PBXGroup section */
		05E418C0F5656118905F318F /* Pods */ = {
			isa = PBXGroup;
			children = (
				70E538640700B5CE0D567B64 /* Pods.debug.xcconfig */,
				F3DD18F195A212F9D8B92DB9 /* Pods.release.xcconfig */,
				FD71814B766075686A2CE75B /* Pods-FlickSKKTests.debug.xcconfig */,
				3844229268B653C0DEAC56F1 /* Pods-FlickSKKTests.release.xcconfig */,
			);
			name = Pods;
			sourceTree = "<group>";
		};
		131D013C1AABF0110085E83C /* Dictionaryfile */ = {
			isa = PBXGroup;
			children = (
				13DFEAB919F079C5006D7E40 /* SKKDictionaryFile.swift */,
				13DFEAC519F07A3C006D7E40 /* SKKUserDictionaryFile.swift */,
				13DFEAC719F07A54006D7E40 /* SKKLocalDictionaryFile.swift */,
			);
			name = Dictionaryfile;
			sourceTree = "<group>";
		};
		131D013D1AABF0220085E83C /* Utilities */ = {
			isa = PBXGroup;
			children = (
				13F4525119DC538B001A4A1B /* IOUtil.h */,
				13F4525319DC5399001A4A1B /* IOUtil.mm */,
				133432C01A4D95030080280F /* SKKNumberPreprocessor.swift */,
				13FAB2101AAB3AF30014C218 /* DictionaryCache.swift */,
				131D013E1AABF1830085E83C /* AsyncLoader.swift */,
				131D01421AABF60C0085E83C /* DictionarySettings.swift */,
				1347217F1AB8ED170047BB27 /* EntryParser.swift */,
			);
			name = Utilities;
			sourceTree = "<group>";
		};
		1327F7B01A4FB161009796FB /* Utilities */ = {
			isa = PBXGroup;
			children = (
				130CA38F1A4EF94C00A84D24 /* NumberFormatter.swift */,
				EAD4B59819D80AF3007B6636 /* Utilities.swift */,
			);
			name = Utilities;
			sourceTree = "<group>";
		};
		133CDCF719D98A4C00B8120D /* SKKBase */ = {
			isa = PBXGroup;
			children = (
				1306495C1A8721180044B225 /* SKKKeyEvent.swift */,
				133CDCF519D98A3B00B8120D /* SKKDelegate.swift */,
				136D161019DAA0AE0091D6BF /* SKKInputMode.swift */,
			);
			name = SKKBase;
			sourceTree = "<group>";
		};
		1347217A1AB8E59D0047BB27 /* View */ = {
			isa = PBXGroup;
			children = (
				EAB03E3B1A765DAF00F3F28F /* SessionView.swift */,
				EA985FE719D84D060043564C /* KeyButton.swift */,
				EA2D4D7E19E173EC00607C35 /* KeyButtonFlickPopup.swift */,
			);
			name = View;
			sourceTree = "<group>";
		};
		1347217B1AB8E5AA0047BB27 /* FlickKeyboard */ = {
			isa = PBXGroup;
			children = (
				134721781AB8E4EB0047BB27 /* KeyboardMode.swift */,
				134721761AB8E4DD0047BB27 /* KanaFlickKey.swift */,
				EA985FE519D84AAE0043564C /* KeyPad.swift */,
			);
			name = FlickKeyboard;
			sourceTree = "<group>";
		};
		1347217C1AB8E5B30047BB27 /* Utilities */ = {
			isa = PBXGroup;
			children = (
				137AAB441A3C0F3F0092F8A5 /* KeyRepeatTimer.swift */,
			);
			name = Utilities;
			sourceTree = "<group>";
		};
		135A44B41A881DD70089F84E /* Controller */ = {
			isa = PBXGroup;
			children = (
				1347217B1AB8E5AA0047BB27 /* FlickKeyboard */,
				1347217A1AB8E59D0047BB27 /* View */,
				1347217C1AB8E5B30047BB27 /* Utilities */,
				EAD4B58D19D5CB8A007B6636 /* KeyboardViewController.swift */,
			);
			name = Controller;
			sourceTree = "<group>";
		};
		135A44C01A88FB710089F84E /* SKKDictionary */ = {
			isa = PBXGroup;
			children = (
				1341A24819E96A7F00EE8AFA /* SKKDictionaryLocalFileSpec.swift */,
				136F409819E9D5ED009E3983 /* SKKDictionaryUserFileSpec.swift */,
				13D9B7701ABD191500E63F33 /* SKKDictionarySpec.swift */,
				13F456371ADBD863004EB68D /* SKKNumberPreprocessorSpec.swift */,
			);
			name = SKKDictionary;
			sourceTree = "<group>";
		};
		135A44C11A88FB7F0089F84E /* Utilities */ = {
			isa = PBXGroup;
			children = (
				13A454FB19E2DAC30039390A /* UtilitiesSpec.swift */,
				130CA3951A4EF99800A84D24 /* NumberFormatterSpec.swift */,
			);
			name = Utilities;
			sourceTree = "<group>";
		};
		136610C81AA034BF006AA8F1 /* KeyHandler */ = {
			isa = PBXGroup;
			children = (
				136610BC1AA0100E006AA8F1 /* MockDelegate.swift */,
				136610BE1AA01451006AA8F1 /* KeyHandlerBaseSpec.swift */,
				136610B61AA00FFB006AA8F1 /* KeyHandlerDirectInputSpec.swift */,
				136610C01AA03215006AA8F1 /* KeyHandlerKanaComposeSpec.swift */,
				136610C21AA032C1006AA8F1 /* KeyHandlerKanjiComposeSpec.swift */,
				136610C41AA03374006AA8F1 /* KeyHandlerWordRegisterWithDirectInputSpec.swift */,
				136610C61AA0344A006AA8F1 /* KeyHandlerWordRegisterWithKanaComposeSpec.swift */,
			);
			name = KeyHandler;
			sourceTree = "<group>";
		};
		138968C41A85E2BE00614511 /* SKKEngine */ = {
			isa = PBXGroup;
			children = (
				13B824831ABCE90400F13FC3 /* ComposeMode */,
				13B824841ABCE92300F13FC3 /* Component */,
				138968CD1A85E2F400614511 /* SKKEngine.swift */,
			);
			name = SKKEngine;
			sourceTree = "<group>";
		};
		138968D41A85F34200614511 /* SKKEngine */ = {
			isa = PBXGroup;
			children = (
				136610C81AA034BF006AA8F1 /* KeyHandler */,
				135A44BC1A88203E0089F84E /* ComposeModePresenterSpec.swift */,
				137B0FC11ABD257600AF08F0 /* DictionaryEngineSpec.swift */,
				1307DDEC1ABD6DCF00678358 /* TextEngineSpec.swift */,
			);
			name = SKKEngine;
			sourceTree = "<group>";
		};
		13B824831ABCE90400F13FC3 /* ComposeMode */ = {
			isa = PBXGroup;
			children = (
				13B824801ABCE8E600F13FC3 /* Candidate.swift */,
				138968D01A85ED7300614511 /* ComposeMode.swift */,
				13E33E871A9E8E3C00CD1140 /* ComposeModeFactory.swift */,
			);
			name = ComposeMode;
			sourceTree = "<group>";
		};
		13B824841ABCE92300F13FC3 /* Component */ = {
			isa = PBXGroup;
			children = (
				1306495A1A871FEE0044B225 /* KeyHandler.swift */,
				13E33E841A9E87CA00CD1140 /* TextEngine.swift */,
				135A44B91A881F070089F84E /* ComposeModePresenter.swift */,
				13E33E7D1A9E855500CD1140 /* DictionaryEngine.swift */,
			);
			name = Component;
			sourceTree = "<group>";
		};
		13DFEAC319F079C8006D7E40 /* SKKDictionary */ = {
			isa = PBXGroup;
			children = (
				131D013D1AABF0220085E83C /* Utilities */,
				131D013C1AABF0110085E83C /* Dictionaryfile */,
				138866981A09202500B7D8A4 /* SKKDictionaryEntry.swift */,
				13D118CE19D9994D009E9E79 /* SKKDictionary.swift */,
			);
			name = SKKDictionary;
			sourceTree = "<group>";
		};
		6050DDC7DD7FB6FB1BD2A214 /* Frameworks */ = {
			isa = PBXGroup;
			children = (
				1369D85B1AFDEBC000E41459 /* AudioToolbox.framework */,
				0CA289C0ED7662F2EF0F3718 /* libPods.a */,
				30FFB16661B439FA5D824AE2 /* Pods_FlickSKKTests.framework */,
			);
			name = Frameworks;
			sourceTree = "<group>";
		};
		EA2F67951A21D7BE00DDCBB9 /* Resources */ = {
			isa = PBXGroup;
			children = (
				EA28E7F41A21D3B8005DF803 /* LaunchScreen.xib */,
				EAD4B56C19D5CB50007B6636 /* Images.xcassets */,
				EACD52A319F3F58B001FB2A7 /* html */,
				EA892D5519FBE70400265181 /* iTunesArtwork */,
				EA892D5619FBE70400265181 /* iTunesArtwork@2x */,
				80E568DA1AA358920029DDBD /* flickskk_white.png */,
			);
			name = Resources;
			sourceTree = "<group>";
		};
		EA2F67961A21D9C700DDCBB9 /* Resources */ = {
			isa = PBXGroup;
			children = (
				13D118C719D99923009E9E79 /* skk.jisyo */,
				EA56B0221A221CA500954B5F /* KeyboardImages.xcassets */,
			);
			name = Resources;
			sourceTree = "<group>";
		};
		EA2F67971A21D9D200DDCBB9 /* Resources */ = {
			isa = PBXGroup;
			children = (
				EACD529D19F3F0C4001FB2A7 /* Localizable.strings */,
			);
			name = Resources;
			sourceTree = "<group>";
		};
		EA349A441A903BDE00084BDE /* Memo */ = {
			isa = PBXGroup;
			children = (
				EA349A471A903BDE00084BDE /* AppDelegate.swift */,
				EA349A491A903BDE00084BDE /* ViewController.swift */,
				EA349A4E1A903BDE00084BDE /* Images.xcassets */,
				EA349A501A903BDE00084BDE /* LaunchScreen.xib */,
				EA349A451A903BDE00084BDE /* Supporting Files */,
			);
			path = Memo;
			sourceTree = "<group>";
		};
		EA349A451A903BDE00084BDE /* Supporting Files */ = {
			isa = PBXGroup;
			children = (
				EA349A461A903BDE00084BDE /* Info.plist */,
			);
			name = "Supporting Files";
			sourceTree = "<group>";
		};
		EAD4B55719D5CB50007B6636 = {
			isa = PBXGroup;
			children = (
				EAE8EA441A2083BD008316DD /* Config.xcconfig */,
				EAE8EA4A1A2097A2008316DD /* Config.xcconfig.example */,
				EAF1DB6C19FBFDDC00816CF5 /* Common */,
				EAD4B56219D5CB50007B6636 /* FlickSKK */,
				EAD4B57819D5CB50007B6636 /* FlickSKKTests */,
				EAD4B58A19D5CB8A007B6636 /* FlickSKKKeyboard */,
				EA349A441A903BDE00084BDE /* Memo */,
				EAD4B56119D5CB50007B6636 /* Products */,
				05E418C0F5656118905F318F /* Pods */,
				6050DDC7DD7FB6FB1BD2A214 /* Frameworks */,
			);
			sourceTree = "<group>";
		};
		EAD4B56119D5CB50007B6636 /* Products */ = {
			isa = PBXGroup;
			children = (
				EAD4B56019D5CB50007B6636 /* FlickSKK.app */,
				EAD4B57519D5CB50007B6636 /* FlickSKKTests.xctest */,
				EAD4B58919D5CB8A007B6636 /* FlickSKKKeyboard.appex */,
				EA349A431A903BDE00084BDE /* Memo.app */,
			);
			name = Products;
			sourceTree = "<group>";
		};
		EAD4B56219D5CB50007B6636 /* FlickSKK */ = {
			isa = PBXGroup;
			children = (
				EAD4B56519D5CB50007B6636 /* AppDelegate.swift */,
				EAF4AF651ADBF50B000C5E05 /* SafeTableViewController.swift */,
				80EA0A291AAB3C1300D7148D /* Settings.bundle */,
				EAD4B56719D5CB50007B6636 /* MainMenuViewController.swift */,
				EACD52A919F3FD43001FB2A7 /* UserDictionaryViewController.swift */,
				131DBA8E1A42403100756CFA /* WordRegisterViewController.swift */,
				EACD52A019F3F2EC001FB2A7 /* WebViewController.swift */,
				EA075F7E19DED7A4009AEF9F /* KeyboardSpacerView.swift */,
				EA2F67951A21D7BE00DDCBB9 /* Resources */,
				EAD4B56319D5CB50007B6636 /* Supporting Files */,
			);
			path = FlickSKK;
			sourceTree = "<group>";
		};
		EAD4B56319D5CB50007B6636 /* Supporting Files */ = {
			isa = PBXGroup;
			children = (
				EAD4B56419D5CB50007B6636 /* Info.plist */,
				EACD52B819F40599001FB2A7 /* FlickSKK.entitlements */,
			);
			name = "Supporting Files";
			sourceTree = "<group>";
		};
		EAD4B57819D5CB50007B6636 /* FlickSKKTests */ = {
			isa = PBXGroup;
			children = (
				135A44C11A88FB7F0089F84E /* Utilities */,
				135A44C01A88FB710089F84E /* SKKDictionary */,
				138968D41A85F34200614511 /* SKKEngine */,
				EAD4B57919D5CB50007B6636 /* Supporting Files */,
			);
			path = FlickSKKTests;
			sourceTree = "<group>";
		};
		EAD4B57919D5CB50007B6636 /* Supporting Files */ = {
			isa = PBXGroup;
			children = (
				EAD4B57A19D5CB50007B6636 /* Info.plist */,
			);
			name = "Supporting Files";
			sourceTree = "<group>";
		};
		EAD4B58A19D5CB8A007B6636 /* FlickSKKKeyboard */ = {
			isa = PBXGroup;
			children = (
				1327F7B01A4FB161009796FB /* Utilities */,
				133CDCF719D98A4C00B8120D /* SKKBase */,
				13DFEAC319F079C8006D7E40 /* SKKDictionary */,
				138968C41A85E2BE00614511 /* SKKEngine */,
				135A44B41A881DD70089F84E /* Controller */,
				EA2F67961A21D9C700DDCBB9 /* Resources */,
				EAD4B58B19D5CB8A007B6636 /* Supporting Files */,
			);
			path = FlickSKKKeyboard;
			sourceTree = "<group>";
		};
		EAD4B58B19D5CB8A007B6636 /* Supporting Files */ = {
			isa = PBXGroup;
			children = (
				EAD4B58C19D5CB8A007B6636 /* Info.plist */,
				EACD52B919F406AE001FB2A7 /* FlickSKKKeyboard.entitlements */,
			);
			name = "Supporting Files";
			sourceTree = "<group>";
		};
		EAF1DB6C19FBFDDC00816CF5 /* Common */ = {
			isa = PBXGroup;
			children = (
				EAF1DB6D19FBFDFD00816CF5 /* AppGroup.h */,
				EAF1DB6E19FBFDFD00816CF5 /* AppGroup.m */,
				138EB85E1A9035D300CB16BC /* Appearance.swift */,
				EAF1DB7119FBFF9900816CF5 /* FlickSKK-Common-Bridging-Header.h */,
				EA2F67971A21D9D200DDCBB9 /* Resources */,
			);
			name = Common;
			path = FlickSKK;
			sourceTree = "<group>";
		};
/* End PBXGroup section */

/* Begin PBXNativeTarget section */
		EA349A421A903BDE00084BDE /* Memo */ = {
			isa = PBXNativeTarget;
			buildConfigurationList = EA349A671A903BDE00084BDE /* Build configuration list for PBXNativeTarget "Memo" */;
			buildPhases = (
				EA349A3F1A903BDE00084BDE /* Sources */,
				EA349A401A903BDE00084BDE /* Frameworks */,
				EA349A411A903BDE00084BDE /* Resources */,
			);
			buildRules = (
			);
			dependencies = (
			);
			name = Memo;
			productName = Memo;
			productReference = EA349A431A903BDE00084BDE /* Memo.app */;
			productType = "com.apple.product-type.application";
		};
		EAD4B55F19D5CB50007B6636 /* FlickSKK */ = {
			isa = PBXNativeTarget;
			buildConfigurationList = EAD4B57F19D5CB50007B6636 /* Build configuration list for PBXNativeTarget "FlickSKK" */;
			buildPhases = (
				EAD4B55C19D5CB50007B6636 /* Sources */,
				EAD4B55D19D5CB50007B6636 /* Frameworks */,
				EAD4B55E19D5CB50007B6636 /* Resources */,
				EAD4B59719D5CB8A007B6636 /* Embed App Extensions */,
				80EA0A2B1AAB3C8F00D7148D /* ShellScript */,
			);
			buildRules = (
			);
			dependencies = (
				EAD4B59019D5CB8A007B6636 /* PBXTargetDependency */,
				EAD4B59319D5CB8A007B6636 /* PBXTargetDependency */,
			);
			name = FlickSKK;
			productName = FlickSKK;
			productReference = EAD4B56019D5CB50007B6636 /* FlickSKK.app */;
			productType = "com.apple.product-type.application";
		};
		EAD4B57419D5CB50007B6636 /* FlickSKKTests */ = {
			isa = PBXNativeTarget;
			buildConfigurationList = EAD4B58219D5CB50007B6636 /* Build configuration list for PBXNativeTarget "FlickSKKTests" */;
			buildPhases = (
				672CA7A4DAD387C5F1D59440 /* Check Pods Manifest.lock */,
				EAD4B57119D5CB50007B6636 /* Sources */,
				EAD4B57219D5CB50007B6636 /* Frameworks */,
				EAD4B57319D5CB50007B6636 /* Resources */,
				EA997CB61A3D8206006D5AA2 /* Copy Frameworks */,
				CDB86457836333471C9566EC /* Embed Pods Frameworks */,
				1527238F77A8FF460D75834F /* Copy Pods Resources */,
			);
			buildRules = (
			);
			dependencies = (
				13A454F219E2DA3B0039390A /* PBXTargetDependency */,
				1394A9B419E2D97200F01BF0 /* PBXTargetDependency */,
			);
			name = FlickSKKTests;
			productName = FlickSKKTests;
			productReference = EAD4B57519D5CB50007B6636 /* FlickSKKTests.xctest */;
			productType = "com.apple.product-type.bundle.unit-test";
		};
		EAD4B58819D5CB8A007B6636 /* FlickSKKKeyboard */ = {
			isa = PBXNativeTarget;
			buildConfigurationList = EAD4B59419D5CB8A007B6636 /* Build configuration list for PBXNativeTarget "FlickSKKKeyboard" */;
			buildPhases = (
				EAD4B58519D5CB8A007B6636 /* Sources */,
				EAD4B58619D5CB8A007B6636 /* Frameworks */,
				EAD4B58719D5CB8A007B6636 /* Resources */,
			);
			buildRules = (
			);
			dependencies = (
			);
			name = FlickSKKKeyboard;
			productName = FlickSKKKeyboard;
			productReference = EAD4B58919D5CB8A007B6636 /* FlickSKKKeyboard.appex */;
			productType = "com.apple.product-type.app-extension";
		};
/* End PBXNativeTarget section */

/* Begin PBXProject section */
		EAD4B55819D5CB50007B6636 /* Project object */ = {
			isa = PBXProject;
			attributes = {
				LastUpgradeCheck = 0600;
				ORGANIZATIONNAME = "BAN Jun";
				TargetAttributes = {
					EA349A421A903BDE00084BDE = {
						CreatedOnToolsVersion = 6.1.1;
					};
					EAD4B55F19D5CB50007B6636 = {
						CreatedOnToolsVersion = 6.0;
						SystemCapabilities = {
							com.apple.ApplicationGroups.iOS = {
								enabled = 1;
							};
						};
					};
					EAD4B57419D5CB50007B6636 = {
						CreatedOnToolsVersion = 6.0;
						TestTargetID = EAD4B55F19D5CB50007B6636;
					};
					EAD4B58819D5CB8A007B6636 = {
						CreatedOnToolsVersion = 6.0;
						SystemCapabilities = {
							com.apple.ApplicationGroups.iOS = {
								enabled = 1;
							};
						};
					};
				};
			};
			buildConfigurationList = EAD4B55B19D5CB50007B6636 /* Build configuration list for PBXProject "FlickSKK" */;
			compatibilityVersion = "Xcode 3.2";
			developmentRegion = English;
			hasScannedForEncodings = 0;
			knownRegions = (
				ja,
				Base,
			);
			mainGroup = EAD4B55719D5CB50007B6636;
			productRefGroup = EAD4B56119D5CB50007B6636 /* Products */;
			projectDirPath = "";
			projectRoot = "";
			targets = (
				EAD4B55F19D5CB50007B6636 /* FlickSKK */,
				EAD4B57419D5CB50007B6636 /* FlickSKKTests */,
				EAD4B58819D5CB8A007B6636 /* FlickSKKKeyboard */,
				EA349A421A903BDE00084BDE /* Memo */,
			);
		};
/* End PBXProject section */

/* Begin PBXResourcesBuildPhase section */
		EA349A411A903BDE00084BDE /* Resources */ = {
			isa = PBXResourcesBuildPhase;
			buildActionMask = 2147483647;
			files = (
				EA349A521A903BDE00084BDE /* LaunchScreen.xib in Resources */,
				EA349A4F1A903BDE00084BDE /* Images.xcassets in Resources */,
			);
			runOnlyForDeploymentPostprocessing = 0;
		};
		EAD4B55E19D5CB50007B6636 /* Resources */ = {
			isa = PBXResourcesBuildPhase;
			buildActionMask = 2147483647;
			files = (
				80EA0A2A1AAB3C1300D7148D /* Settings.bundle in Resources */,
				EA892D5719FBE70400265181 /* iTunesArtwork in Resources */,
				EA892D5819FBE70400265181 /* iTunesArtwork@2x in Resources */,
				EACD529A19F3F0C4001FB2A7 /* Localizable.strings in Resources */,
				80E568DB1AA358920029DDBD /* flickskk_white.png in Resources */,
				EAD4B56D19D5CB50007B6636 /* Images.xcassets in Resources */,
				EA28E7F51A21D3B8005DF803 /* LaunchScreen.xib in Resources */,
				EACD52A419F3F58B001FB2A7 /* html in Resources */,
			);
			runOnlyForDeploymentPostprocessing = 0;
		};
		EAD4B57319D5CB50007B6636 /* Resources */ = {
			isa = PBXResourcesBuildPhase;
			buildActionMask = 2147483647;
			files = (
				13FFFD471A3D24F70049D45D /* skk.jisyo in Resources */,
			);
			runOnlyForDeploymentPostprocessing = 0;
		};
		EAD4B58719D5CB8A007B6636 /* Resources */ = {
			isa = PBXResourcesBuildPhase;
			buildActionMask = 2147483647;
			files = (
				13D118CD19D99923009E9E79 /* skk.jisyo in Resources */,
				EACD529B19F3F0C4001FB2A7 /* Localizable.strings in Resources */,
				EA56B0231A221CA500954B5F /* KeyboardImages.xcassets in Resources */,
			);
			runOnlyForDeploymentPostprocessing = 0;
		};
/* End PBXResourcesBuildPhase section */

/* Begin PBXShellScriptBuildPhase section */
		1527238F77A8FF460D75834F /* Copy Pods Resources */ = {
			isa = PBXShellScriptBuildPhase;
			buildActionMask = 2147483647;
			files = (
			);
			inputPaths = (
			);
			name = "Copy Pods Resources";
			outputPaths = (
			);
			runOnlyForDeploymentPostprocessing = 0;
			shellPath = /bin/sh;
			shellScript = "\"${SRCROOT}/Pods/Target Support Files/Pods-FlickSKKTests/Pods-FlickSKKTests-resources.sh\"\n";
			showEnvVarsInLog = 0;
		};
		672CA7A4DAD387C5F1D59440 /* Check Pods Manifest.lock */ = {
			isa = PBXShellScriptBuildPhase;
			buildActionMask = 2147483647;
			files = (
			);
			inputPaths = (
			);
			name = "Check Pods Manifest.lock";
			outputPaths = (
			);
			runOnlyForDeploymentPostprocessing = 0;
			shellPath = /bin/sh;
			shellScript = "diff \"${PODS_ROOT}/../Podfile.lock\" \"${PODS_ROOT}/Manifest.lock\" > /dev/null\nif [[ $? != 0 ]] ; then\n    cat << EOM\nerror: The sandbox is not in sync with the Podfile.lock. Run 'pod install' or update your CocoaPods installation.\nEOM\n    exit 1\nfi\n";
			showEnvVarsInLog = 0;
		};
		80EA0A2B1AAB3C8F00D7148D /* ShellScript */ = {
			isa = PBXShellScriptBuildPhase;
			buildActionMask = 2147483647;
			files = (
			);
			inputPaths = (
			);
			outputPaths = (
			);
			runOnlyForDeploymentPostprocessing = 0;
			shellPath = /bin/sh;
			shellScript = "VERSION_NUMBER=$(/usr/libexec/PlistBuddy -c \"Print CFBundleShortVersionString\" \"$INFOPLIST_FILE\")\n/usr/libexec/PlistBuddy ${TARGET_BUILD_DIR}/${FULL_PRODUCT_NAME}/Settings.bundle/Root.plist -c \"set PreferenceSpecifiers:0:DefaultValue $VERSION_NUMBER\"";
		};
		CDB86457836333471C9566EC /* Embed Pods Frameworks */ = {
			isa = PBXShellScriptBuildPhase;
			buildActionMask = 2147483647;
			files = (
			);
			inputPaths = (
			);
			name = "Embed Pods Frameworks";
			outputPaths = (
			);
			runOnlyForDeploymentPostprocessing = 0;
			shellPath = /bin/sh;
			shellScript = "\"${SRCROOT}/Pods/Target Support Files/Pods-FlickSKKTests/Pods-FlickSKKTests-frameworks.sh\"\n";
			showEnvVarsInLog = 0;
		};
/* End PBXShellScriptBuildPhase section */

/* Begin PBXSourcesBuildPhase section */
		EA349A3F1A903BDE00084BDE /* Sources */ = {
			isa = PBXSourcesBuildPhase;
			buildActionMask = 2147483647;
			files = (
				EA349A4A1A903BDE00084BDE /* ViewController.swift in Sources */,
				EA349A771A9043C200084BDE /* Appearance.swift in Sources */,
				EA349A481A903BDE00084BDE /* AppDelegate.swift in Sources */,
			);
			runOnlyForDeploymentPostprocessing = 0;
		};
		EAD4B55C19D5CB50007B6636 /* Sources */ = {
			isa = PBXSourcesBuildPhase;
			buildActionMask = 2147483647;
			files = (
				EAD4B56819D5CB50007B6636 /* MainMenuViewController.swift in Sources */,
				134721821AB8EF2B0047BB27 /* EntryParser.swift in Sources */,
				EAF1DB6F19FBFDFD00816CF5 /* AppGroup.m in Sources */,
				131D01411AABF3090085E83C /* AsyncLoader.swift in Sources */,
				131D01431AABF60C0085E83C /* DictionarySettings.swift in Sources */,
				1388669B1A09204300B7D8A4 /* SKKDictionaryEntry.swift in Sources */,
				EACD52B319F3FECF001FB2A7 /* SKKDictionary.swift in Sources */,
				EACD52AA19F3FD43001FB2A7 /* UserDictionaryViewController.swift in Sources */,
				138EB85F1A9035D300CB16BC /* Appearance.swift in Sources */,
				EAD4B56619D5CB50007B6636 /* AppDelegate.swift in Sources */,
				EACD52B419F3FEE4001FB2A7 /* SKKUserDictionaryFile.swift in Sources */,
				134DE87B1AAC0CAD00FF9CE5 /* DictionaryCache.swift in Sources */,
				EACD52B619F3FEFD001FB2A7 /* SKKLocalDictionaryFile.swift in Sources */,
				EA075F8019DED8C3009AEF9F /* Utilities.swift in Sources */,
				131DBA8F1A42403100756CFA /* WordRegisterViewController.swift in Sources */,
				133432C61A4D9BA90080280F /* SKKNumberPreprocessor.swift in Sources */,
				130CA3981A4EFA4200A84D24 /* NumberFormatter.swift in Sources */,
				EACD52B719F3FF0F001FB2A7 /* IOUtil.mm in Sources */,
				EACD52A119F3F2EC001FB2A7 /* WebViewController.swift in Sources */,
				EACD52B519F3FEF1001FB2A7 /* SKKDictionaryFile.swift in Sources */,
				EAF4AF661ADBF50B000C5E05 /* SafeTableViewController.swift in Sources */,
				EA075F7F19DED7A4009AEF9F /* KeyboardSpacerView.swift in Sources */,
			);
			runOnlyForDeploymentPostprocessing = 0;
		};
		EAD4B57119D5CB50007B6636 /* Sources */ = {
			isa = PBXSourcesBuildPhase;
			buildActionMask = 2147483647;
			files = (
				1347217D1AB8E7E70047BB27 /* KeyboardMode.swift in Sources */,
				1347217E1AB8E7EC0047BB27 /* KanaFlickKey.swift in Sources */,
				13F9326D19E2DC1700AC5019 /* KeyPad.swift in Sources */,
				134721801AB8ED170047BB27 /* EntryParser.swift in Sources */,
				131D013F1AABF1830085E83C /* AsyncLoader.swift in Sources */,
				136610C31AA032C1006AA8F1 /* KeyHandlerKanjiComposeSpec.swift in Sources */,
				13F9326119E2DC1700AC5019 /* SKKDelegate.swift in Sources */,
				13F9326319E2DC1700AC5019 /* SKKDictionary.swift in Sources */,
				136610C51AA03374006AA8F1 /* KeyHandlerWordRegisterWithDirectInputSpec.swift in Sources */,
				1306495F1A8723170044B225 /* SKKKeyEvent.swift in Sources */,
				138968DB1A85F42500614511 /* SKKEngine.swift in Sources */,
				13F9326419E2DC1700AC5019 /* SKKInputMode.swift in Sources */,
				1306495E1A8723150044B225 /* KeyHandler.swift in Sources */,
				136610B71AA00FFB006AA8F1 /* KeyHandlerDirectInputSpec.swift in Sources */,
				13E33E881A9E8E3D00CD1140 /* ComposeModeFactory.swift in Sources */,
				1388669C1A0920D500B7D8A4 /* SKKDictionaryEntry.swift in Sources */,
				13E33E7E1A9E855500CD1140 /* DictionaryEngine.swift in Sources */,
				136610C11AA03215006AA8F1 /* KeyHandlerKanaComposeSpec.swift in Sources */,
				13DFEAC419F07A1F006D7E40 /* SKKDictionaryFile.swift in Sources */,
				138EB8601A9035D300CB16BC /* Appearance.swift in Sources */,
				137AAB4E1A3C13970092F8A5 /* KeyRepeatTimer.swift in Sources */,
				1307DDED1ABD6DCF00678358 /* TextEngineSpec.swift in Sources */,
				13FAB2111AAB3AF30014C218 /* DictionaryCache.swift in Sources */,
				1341A24919E96A7F00EE8AFA /* SKKDictionaryLocalFileSpec.swift in Sources */,
				13F9326619E2DC1700AC5019 /* IOUtil.mm in Sources */,
				13F456381ADBD863004EB68D /* SKKNumberPreprocessorSpec.swift in Sources */,
				131D01441AABF60C0085E83C /* DictionarySettings.swift in Sources */,
				136610BD1AA0100E006AA8F1 /* MockDelegate.swift in Sources */,
				130CA3961A4EF99800A84D24 /* NumberFormatterSpec.swift in Sources */,
				133432C71A4D9BE90080280F /* SKKNumberPreprocessor.swift in Sources */,
				130CA3971A4EFA3F00A84D24 /* NumberFormatter.swift in Sources */,
				EAB03E411A76607A00F3F28F /* SessionView.swift in Sources */,
				13F9326B19E2DC1700AC5019 /* KeyboardViewController.swift in Sources */,
				136610BF1AA01451006AA8F1 /* KeyHandlerBaseSpec.swift in Sources */,
				13DFEAC919F07AC6006D7E40 /* SKKUserDictionaryFile.swift in Sources */,
				13B824811ABCE8E600F13FC3 /* Candidate.swift in Sources */,
				13D9B7711ABD191500E63F33 /* SKKDictionarySpec.swift in Sources */,
				13E33E851A9E87CA00CD1140 /* TextEngine.swift in Sources */,
				13F9326E19E2DC1700AC5019 /* KeyButton.swift in Sources */,
				13DFEACA19F07AC8006D7E40 /* SKKLocalDictionaryFile.swift in Sources */,
				13F9326F19E2DC1700AC5019 /* KeyButtonFlickPopup.swift in Sources */,
				13A454FC19E2DAC30039390A /* UtilitiesSpec.swift in Sources */,
				137B0FC21ABD257600AF08F0 /* DictionaryEngineSpec.swift in Sources */,
				13F9325819E2DBFC00AC5019 /* Utilities.swift in Sources */,
				136610C71AA0344A006AA8F1 /* KeyHandlerWordRegisterWithKanaComposeSpec.swift in Sources */,
				138968D91A85F42200614511 /* ComposeMode.swift in Sources */,
				136F409919E9D5ED009E3983 /* SKKDictionaryUserFileSpec.swift in Sources */,
				135A44BF1A8821440089F84E /* ComposeModePresenter.swift in Sources */,
				135A44BD1A88203E0089F84E /* ComposeModePresenterSpec.swift in Sources */,
			);
			runOnlyForDeploymentPostprocessing = 0;
		};
		EAD4B58519D5CB8A007B6636 /* Sources */ = {
			isa = PBXSourcesBuildPhase;
			buildActionMask = 2147483647;
			files = (
				13B824821ABCE8E600F13FC3 /* Candidate.swift in Sources */,
				EAD4B59919D80AF3007B6636 /* Utilities.swift in Sources */,
				137AAB451A3C0F3F0092F8A5 /* KeyRepeatTimer.swift in Sources */,
				13DFEAC819F07A54006D7E40 /* SKKLocalDictionaryFile.swift in Sources */,
				134721791AB8E4EB0047BB27 /* KeyboardMode.swift in Sources */,
				13E33E891A9E8E3D00CD1140 /* ComposeModeFactory.swift in Sources */,
				13DFEABA19F079C5006D7E40 /* SKKDictionaryFile.swift in Sources */,
				131D01401AABF1830085E83C /* AsyncLoader.swift in Sources */,
				13D118D019D9994D009E9E79 /* SKKDictionary.swift in Sources */,
				EAF1DB7019FBFDFD00816CF5 /* AppGroup.m in Sources */,
				131D01451AABF60D0085E83C /* DictionarySettings.swift in Sources */,
				EA985FE619D84AAE0043564C /* KeyPad.swift in Sources */,
				13E33E861A9E87CA00CD1140 /* TextEngine.swift in Sources */,
				EAB03E3C1A765DAF00F3F28F /* SessionView.swift in Sources */,
				EAD4B58E19D5CB8A007B6636 /* KeyboardViewController.swift in Sources */,
				1306495B1A871FEE0044B225 /* KeyHandler.swift in Sources */,
				136D161119DAA0AE0091D6BF /* SKKInputMode.swift in Sources */,
				138968CE1A85E2F400614511 /* SKKEngine.swift in Sources */,
				13FAB2121AAB3AF30014C218 /* DictionaryCache.swift in Sources */,
				13E33E7F1A9E855500CD1140 /* DictionaryEngine.swift in Sources */,
				EA2D4D7F19E173EC00607C35 /* KeyButtonFlickPopup.swift in Sources */,
				134721811AB8ED170047BB27 /* EntryParser.swift in Sources */,
				1306495D1A8721180044B225 /* SKKKeyEvent.swift in Sources */,
				13F4525419DC5399001A4A1B /* IOUtil.mm in Sources */,
				133432C11A4D95030080280F /* SKKNumberPreprocessor.swift in Sources */,
				1388669A1A09202500B7D8A4 /* SKKDictionaryEntry.swift in Sources */,
				130CA3901A4EF94C00A84D24 /* NumberFormatter.swift in Sources */,
				138968D11A85ED7300614511 /* ComposeMode.swift in Sources */,
				138EB8611A9035D300CB16BC /* Appearance.swift in Sources */,
				133CDCF619D98A3C00B8120D /* SKKDelegate.swift in Sources */,
				13DFEAC619F07A3C006D7E40 /* SKKUserDictionaryFile.swift in Sources */,
				EA985FE819D84D060043564C /* KeyButton.swift in Sources */,
				135A44BB1A881F070089F84E /* ComposeModePresenter.swift in Sources */,
				134721771AB8E4DD0047BB27 /* KanaFlickKey.swift in Sources */,
			);
			runOnlyForDeploymentPostprocessing = 0;
		};
/* End PBXSourcesBuildPhase section */

/* Begin PBXTargetDependency section */
		1394A9B419E2D97200F01BF0 /* PBXTargetDependency */ = {
			isa = PBXTargetDependency;
			target = EAD4B58819D5CB8A007B6636 /* FlickSKKKeyboard */;
			targetProxy = 1394A9B319E2D97200F01BF0 /* PBXContainerItemProxy */;
		};
		13A454F219E2DA3B0039390A /* PBXTargetDependency */ = {
			isa = PBXTargetDependency;
			target = EAD4B55F19D5CB50007B6636 /* FlickSKK */;
			targetProxy = 13A454F119E2DA3B0039390A /* PBXContainerItemProxy */;
		};
		EAD4B59019D5CB8A007B6636 /* PBXTargetDependency */ = {
			isa = PBXTargetDependency;
			target = EAD4B58819D5CB8A007B6636 /* FlickSKKKeyboard */;
			targetProxy = EAD4B58F19D5CB8A007B6636 /* PBXContainerItemProxy */;
		};
		EAD4B59319D5CB8A007B6636 /* PBXTargetDependency */ = {
			isa = PBXTargetDependency;
			target = EAD4B58819D5CB8A007B6636 /* FlickSKKKeyboard */;
			targetProxy = EAD4B59219D5CB8A007B6636 /* PBXContainerItemProxy */;
		};
/* End PBXTargetDependency section */

/* Begin PBXVariantGroup section */
		EA349A501A903BDE00084BDE /* LaunchScreen.xib */ = {
			isa = PBXVariantGroup;
			children = (
				EA349A511A903BDE00084BDE /* Base */,
			);
			name = LaunchScreen.xib;
			sourceTree = "<group>";
		};
		EACD529D19F3F0C4001FB2A7 /* Localizable.strings */ = {
			isa = PBXVariantGroup;
			children = (
				EACD529E19F3F18D001FB2A7 /* ja */,
			);
			name = Localizable.strings;
			path = ../Common;
			sourceTree = "<group>";
		};
/* End PBXVariantGroup section */

/* Begin XCBuildConfiguration section */
		EA349A5F1A903BDE00084BDE /* Debug */ = {
			isa = XCBuildConfiguration;
			buildSettings = {
				ASSETCATALOG_COMPILER_APPICON_NAME = AppIcon;
				GCC_PREPROCESSOR_DEFINITIONS = (
					"DEBUG=1",
					"$(inherited)",
				);
				INFOPLIST_FILE = Memo/Info.plist;
				IPHONEOS_DEPLOYMENT_TARGET = 8.0;
				LD_RUNPATH_SEARCH_PATHS = "$(inherited) @executable_path/Frameworks";
				PRODUCT_NAME = "$(TARGET_NAME)";
			};
			name = Debug;
		};
		EA349A601A903BDE00084BDE /* Release */ = {
			isa = XCBuildConfiguration;
			buildSettings = {
				ASSETCATALOG_COMPILER_APPICON_NAME = AppIcon;
				"CODE_SIGN_IDENTITY[sdk=iphoneos*]" = "iPhone Developer";
				INFOPLIST_FILE = Memo/Info.plist;
				IPHONEOS_DEPLOYMENT_TARGET = 8.0;
				LD_RUNPATH_SEARCH_PATHS = "$(inherited) @executable_path/Frameworks";
				PRODUCT_NAME = "$(TARGET_NAME)";
			};
			name = Release;
		};
		EAD4B57D19D5CB50007B6636 /* Debug */ = {
			isa = XCBuildConfiguration;
			baseConfigurationReference = EAE8EA441A2083BD008316DD /* Config.xcconfig */;
			buildSettings = {
				ALWAYS_SEARCH_USER_PATHS = NO;
				CLANG_CXX_LANGUAGE_STANDARD = "gnu++0x";
				CLANG_CXX_LIBRARY = "libc++";
				CLANG_ENABLE_MODULES = YES;
				CLANG_ENABLE_OBJC_ARC = YES;
				CLANG_WARN_BOOL_CONVERSION = YES;
				CLANG_WARN_CONSTANT_CONVERSION = YES;
				CLANG_WARN_DIRECT_OBJC_ISA_USAGE = YES_ERROR;
				CLANG_WARN_EMPTY_BODY = YES;
				CLANG_WARN_ENUM_CONVERSION = YES;
				CLANG_WARN_INT_CONVERSION = YES;
				CLANG_WARN_OBJC_ROOT_CLASS = YES_ERROR;
				CLANG_WARN_UNREACHABLE_CODE = YES;
				CLANG_WARN__DUPLICATE_METHOD_MATCH = YES;
				CODE_SIGN_IDENTITY = "iPhone Developer";
				"CODE_SIGN_IDENTITY[sdk=iphoneos*]" = "iPhone Developer";
				COPY_PHASE_STRIP = NO;
				ENABLE_STRICT_OBJC_MSGSEND = YES;
				GCC_C_LANGUAGE_STANDARD = gnu99;
				GCC_DYNAMIC_NO_PIC = NO;
				GCC_OPTIMIZATION_LEVEL = 0;
				GCC_PREPROCESSOR_DEFINITIONS = (
					"DEBUG=1",
					"$(inherited)",
				);
				GCC_SYMBOLS_PRIVATE_EXTERN = NO;
				GCC_WARN_64_TO_32_BIT_CONVERSION = YES;
				GCC_WARN_ABOUT_RETURN_TYPE = YES_ERROR;
				GCC_WARN_UNDECLARED_SELECTOR = YES;
				GCC_WARN_UNINITIALIZED_AUTOS = YES_AGGRESSIVE;
				GCC_WARN_UNUSED_FUNCTION = YES;
				GCC_WARN_UNUSED_VARIABLE = YES;
				IPHONEOS_DEPLOYMENT_TARGET = 8.0;
				MTL_ENABLE_DEBUG_INFO = YES;
				ONLY_ACTIVE_ARCH = YES;
				SDKROOT = iphoneos;
				SWIFT_OBJC_BRIDGING_HEADER = "Common/FlickSKK-Common-Bridging-Header.h";
				SWIFT_OPTIMIZATION_LEVEL = "-Onone";
				TARGETED_DEVICE_FAMILY = "1,2";
			};
			name = Debug;
		};
		EAD4B57E19D5CB50007B6636 /* Release */ = {
			isa = XCBuildConfiguration;
			baseConfigurationReference = EAE8EA441A2083BD008316DD /* Config.xcconfig */;
			buildSettings = {
				ALWAYS_SEARCH_USER_PATHS = NO;
				CLANG_CXX_LANGUAGE_STANDARD = "gnu++0x";
				CLANG_CXX_LIBRARY = "libc++";
				CLANG_ENABLE_MODULES = YES;
				CLANG_ENABLE_OBJC_ARC = YES;
				CLANG_WARN_BOOL_CONVERSION = YES;
				CLANG_WARN_CONSTANT_CONVERSION = YES;
				CLANG_WARN_DIRECT_OBJC_ISA_USAGE = YES_ERROR;
				CLANG_WARN_EMPTY_BODY = YES;
				CLANG_WARN_ENUM_CONVERSION = YES;
				CLANG_WARN_INT_CONVERSION = YES;
				CLANG_WARN_OBJC_ROOT_CLASS = YES_ERROR;
				CLANG_WARN_UNREACHABLE_CODE = YES;
				CLANG_WARN__DUPLICATE_METHOD_MATCH = YES;
				CODE_SIGN_IDENTITY = "iPhone Distribution";
				"CODE_SIGN_IDENTITY[sdk=iphoneos*]" = "iPhone Distribution";
				COPY_PHASE_STRIP = YES;
				ENABLE_NS_ASSERTIONS = NO;
				ENABLE_STRICT_OBJC_MSGSEND = YES;
				GCC_C_LANGUAGE_STANDARD = gnu99;
				GCC_WARN_64_TO_32_BIT_CONVERSION = YES;
				GCC_WARN_ABOUT_RETURN_TYPE = YES_ERROR;
				GCC_WARN_UNDECLARED_SELECTOR = YES;
				GCC_WARN_UNINITIALIZED_AUTOS = YES_AGGRESSIVE;
				GCC_WARN_UNUSED_FUNCTION = YES;
				GCC_WARN_UNUSED_VARIABLE = YES;
				IPHONEOS_DEPLOYMENT_TARGET = 8.0;
				MTL_ENABLE_DEBUG_INFO = NO;
				SDKROOT = iphoneos;
				SWIFT_OBJC_BRIDGING_HEADER = "Common/FlickSKK-Common-Bridging-Header.h";
				TARGETED_DEVICE_FAMILY = "1,2";
				VALIDATE_PRODUCT = YES;
			};
			name = Release;
		};
		EAD4B58019D5CB50007B6636 /* Debug */ = {
			isa = XCBuildConfiguration;
			buildSettings = {
				ASSETCATALOG_COMPILER_APPICON_NAME = AppIcon;
				CODE_SIGN_ENTITLEMENTS = FlickSKK/FlickSKK.entitlements;
				GCC_OPTIMIZATION_LEVEL = s;
				INFOPLIST_FILE = FlickSKK/Info.plist;
				LD_RUNPATH_SEARCH_PATHS = "$(inherited) @executable_path/Frameworks";
				PRODUCT_NAME = "$(TARGET_NAME)";
				PROVISIONING_PROFILE = "";
			};
			name = Debug;
		};
		EAD4B58119D5CB50007B6636 /* Release */ = {
			isa = XCBuildConfiguration;
			buildSettings = {
				ASSETCATALOG_COMPILER_APPICON_NAME = AppIcon;
				CODE_SIGN_ENTITLEMENTS = FlickSKK/FlickSKK.entitlements;
				COPY_PHASE_STRIP = NO;
				INFOPLIST_FILE = FlickSKK/Info.plist;
				LD_RUNPATH_SEARCH_PATHS = "$(inherited) @executable_path/Frameworks";
				PRODUCT_NAME = "$(TARGET_NAME)";
				PROVISIONING_PROFILE = "";
			};
			name = Release;
		};
		EAD4B58319D5CB50007B6636 /* Debug */ = {
			isa = XCBuildConfiguration;
			baseConfigurationReference = FD71814B766075686A2CE75B /* Pods-FlickSKKTests.debug.xcconfig */;
			buildSettings = {
				BUNDLE_LOADER = "$(TEST_HOST)";
				FRAMEWORK_SEARCH_PATHS = (
					"$(SDKROOT)/Developer/Library/Frameworks",
					"$(inherited)",
				);
				GCC_PREPROCESSOR_DEFINITIONS = (
					"DEBUG=1",
					"$(inherited)",
				);
				INFOPLIST_FILE = FlickSKKTests/Info.plist;
				LD_RUNPATH_SEARCH_PATHS = "$(inherited) @executable_path/Frameworks @loader_path/Frameworks";
				PRODUCT_NAME = "$(TARGET_NAME)";
				TEST_HOST = "$(BUILT_PRODUCTS_DIR)/FlickSKK.app/FlickSKK";
			};
			name = Debug;
		};
		EAD4B58419D5CB50007B6636 /* Release */ = {
			isa = XCBuildConfiguration;
			baseConfigurationReference = 3844229268B653C0DEAC56F1 /* Pods-FlickSKKTests.release.xcconfig */;
			buildSettings = {
				BUNDLE_LOADER = "$(TEST_HOST)";
				FRAMEWORK_SEARCH_PATHS = (
					"$(SDKROOT)/Developer/Library/Frameworks",
					"$(inherited)",
				);
				INFOPLIST_FILE = FlickSKKTests/Info.plist;
				LD_RUNPATH_SEARCH_PATHS = "$(inherited) @executable_path/Frameworks @loader_path/Frameworks";
				PRODUCT_NAME = "$(TARGET_NAME)";
				TEST_HOST = "$(BUILT_PRODUCTS_DIR)/FlickSKK.app/FlickSKK";
			};
			name = Release;
		};
		EAD4B59519D5CB8A007B6636 /* Debug */ = {
			isa = XCBuildConfiguration;
			buildSettings = {
				CLANG_ENABLE_MODULES = YES;
				CODE_SIGN_ENTITLEMENTS = FlickSKKKeyboard/FlickSKKKeyboard.entitlements;
				GCC_OPTIMIZATION_LEVEL = s;
				GCC_PREPROCESSOR_DEFINITIONS = (
					"DEBUG=1",
					"$(inherited)",
				);
				INFOPLIST_FILE = FlickSKKKeyboard/Info.plist;
				LD_RUNPATH_SEARCH_PATHS = "$(inherited) @executable_path/Frameworks @executable_path/../../Frameworks";
				PRODUCT_NAME = "$(TARGET_NAME)";
				PROVISIONING_PROFILE = "";
				SKIP_INSTALL = YES;
				SWIFT_OPTIMIZATION_LEVEL = "-Onone";
			};
			name = Debug;
		};
		EAD4B59619D5CB8A007B6636 /* Release */ = {
			isa = XCBuildConfiguration;
			buildSettings = {
				CLANG_ENABLE_MODULES = YES;
				CODE_SIGN_ENTITLEMENTS = FlickSKKKeyboard/FlickSKKKeyboard.entitlements;
				COPY_PHASE_STRIP = NO;
				INFOPLIST_FILE = FlickSKKKeyboard/Info.plist;
				LD_RUNPATH_SEARCH_PATHS = "$(inherited) @executable_path/Frameworks @executable_path/../../Frameworks";
				PRODUCT_NAME = "$(TARGET_NAME)";
				PROVISIONING_PROFILE = "";
				SKIP_INSTALL = YES;
				SWIFT_OPTIMIZATION_LEVEL = "-O";
			};
			name = Release;
		};
/* End XCBuildConfiguration section */

/* Begin XCConfigurationList section */
		EA349A671A903BDE00084BDE /* Build configuration list for PBXNativeTarget "Memo" */ = {
			isa = XCConfigurationList;
			buildConfigurations = (
				EA349A5F1A903BDE00084BDE /* Debug */,
				EA349A601A903BDE00084BDE /* Release */,
			);
			defaultConfigurationIsVisible = 0;
			defaultConfigurationName = Release;
		};
		EAD4B55B19D5CB50007B6636 /* Build configuration list for PBXProject "FlickSKK" */ = {
			isa = XCConfigurationList;
			buildConfigurations = (
				EAD4B57D19D5CB50007B6636 /* Debug */,
				EAD4B57E19D5CB50007B6636 /* Release */,
			);
			defaultConfigurationIsVisible = 0;
			defaultConfigurationName = Release;
		};
		EAD4B57F19D5CB50007B6636 /* Build configuration list for PBXNativeTarget "FlickSKK" */ = {
			isa = XCConfigurationList;
			buildConfigurations = (
				EAD4B58019D5CB50007B6636 /* Debug */,
				EAD4B58119D5CB50007B6636 /* Release */,
			);
			defaultConfigurationIsVisible = 0;
			defaultConfigurationName = Release;
		};
		EAD4B58219D5CB50007B6636 /* Build configuration list for PBXNativeTarget "FlickSKKTests" */ = {
			isa = XCConfigurationList;
			buildConfigurations = (
				EAD4B58319D5CB50007B6636 /* Debug */,
				EAD4B58419D5CB50007B6636 /* Release */,
			);
			defaultConfigurationIsVisible = 0;
			defaultConfigurationName = Release;
		};
		EAD4B59419D5CB8A007B6636 /* Build configuration list for PBXNativeTarget "FlickSKKKeyboard" */ = {
			isa = XCConfigurationList;
			buildConfigurations = (
				EAD4B59519D5CB8A007B6636 /* Debug */,
				EAD4B59619D5CB8A007B6636 /* Release */,
			);
			defaultConfigurationIsVisible = 0;
			defaultConfigurationName = Release;
		};
/* End XCConfigurationList section */
	};
	rootObject = EAD4B55819D5CB50007B6636 /* Project object */;
}
