PODS:
  - Alamofire (4.0.1)
  - AppGroup (1.0.0)
  - FootlessParser (0.5.0)
  - Nimble (7.1.3)
  - NorthLayout (5.1.0):
    - FootlessParser (~> 0.4)
  - Quick (1.3.1)
  - "※ikemen (0.5.0)"

DEPENDENCIES:
  - Alamofire (~> 4.0.0)
  - AppGroup (from `Pods/CocoaPodsAppGroup/AppGroup.podspec.json`)
  - Nimble
  - NorthLayout
  - Quick
  - "※ikemen"

SPEC REPOS:
  https://github.com/cocoapods/specs.git:
    - Alamofire
    - FootlessParser
    - Nimble
    - NorthLayout
    - Quick
    - "※ikemen"

EXTERNAL SOURCES:
  AppGroup:
    :podspec: Pods/CocoaPodsAppGroup/AppGroup.podspec.json

SPEC CHECKSUMS:
  Alamofire: 7682d43245de14874acd142ec137b144aa1dd335
  AppGroup: ba0c3626371b5b0f23815f7ae68d14f1061df19f
  FootlessParser: bc75547b0ccd696a0496993f394fdef3a2d481d0
  Nimble: 2839b01d1b31f6a6a7777a221f0d91cf52e8e27b
  NorthLayout: 157045b4ef9e94019f00ec9dc66192c2b17c0c61
  Quick: d17304d58d0d169dd0bd1c6e5c28e3318de32a1a
  "※ikemen": 0cf85af52790db21a846ad31abca356e99da1ffb

PODFILE CHECKSUM: 0c207f90b2b00a6e833d6313dd549a26632c8d56

COCOAPODS: 1.5.3
