PODS:
  - Alamofire (1.2.1)
  - Nimble (0.4.2)
  - Quick (0.3.1)

DEPENDENCIES:
  - Alamofire
  - Nimble
  - Quick

SPEC CHECKSUMS:
  Alamofire: 1acfdf179aff68b41a48dff70c1ac7fa263e2bcb
  Nimble: 49b7a7da8919f42823d37c6d68cc6d15a7009f32
  Quick: 824572d3d198d51e52cf4aa722cebf7e59952a35

COCOAPODS: 0.37.1
