PODS:
  - Alamofire (5.1.0)
  - AppGroup (1.0.0)
  - FootlessParser (0.5.2)
  - Nimble (8.0.7)
  - NorthLayout (5.2.0):
    - FootlessParser (~> 0.4)
  - Quick (2.2.0)
  - "※ikemen (0.6.0)"

DEPENDENCIES:
  - Alamofire
  - AppGroup (from `Pods/CocoaPodsAppGroup/AppGroup.podspec.json`)
  - Nimble
  - NorthLayout
  - Quick
  - "※ikemen"

SPEC REPOS:
  https://github.com/CocoaPods/Specs.git:
    - Alamofire
    - FootlessParser
    - Nimble
    - NorthLayout
    - Quick
    - "※ikemen"

EXTERNAL SOURCES:
  AppGroup:
    :podspec: Pods/CocoaPodsAppGroup/AppGroup.podspec.json

SPEC CHECKSUMS:
  Alamofire: 9d5c5f602928e512395b30950c5984eca840093c
  AppGroup: ba0c3626371b5b0f23815f7ae68d14f1061df19f
  FootlessParser: 521916d592fa6cba06cfca6f4b5d4f5a2d49175a
  Nimble: a73af6ecd4c9106f434f3d55fc54570be3739e0b
  NorthLayout: 308a58a8f7d96f316e6399ff6432f8769321bbdf
  Quick: 7fb19e13be07b5dfb3b90d4f9824c855a11af40e
  "※ikemen": da47fe6e0acfbe241611221f4d98ade266bf50a2

PODFILE CHECKSUM: 9d7e777c42d8beb6f7fba4772efda606dbe5b08a

COCOAPODS: 1.9.1
