<?xml version="1.0" encoding="UTF-8"?>
<Scheme
   LastUpgradeVersion = "0600"
   wasCreatedForAppExtension = "YES"
   version = "2.0">
   <BuildAction
      parallelizeBuildables = "YES"
      buildImplicitDependencies = "YES">
      <BuildActionEntries>
         <BuildActionEntry
            buildForTesting = "YES"
            buildForRunning = "YES"
            buildForProfiling = "YES"
            buildForArchiving = "YES"
            buildForAnalyzing = "YES">
            <BuildableReference
               BuildableIdentifier = "primary"
               BlueprintIdentifier = "EAD4B58819D5CB8A007B6636"
               BuildableName = "FlickSKKKeyboard.appex"
               BlueprintName = "FlickSKKKeyboard"
               ReferencedContainer = "container:FlickSKK.xcodeproj">
            </BuildableReference>
         </BuildActionEntry>
         <BuildActionEntry
            buildForTesting = "YES"
            buildForRunning = "YES"
            buildForProfiling = "YES"
            buildForArchiving = "YES"
            buildForAnalyzing = "YES">
            <BuildableReference
               BuildableIdentifier = "primary"
               BlueprintIdentifier = "EAD4B55F19D5CB50007B6636"
               BuildableName = "FlickSKK.app"
               BlueprintName = "FlickSKK"
               ReferencedContainer = "container:FlickSKK.xcodeproj">
            </BuildableReference>
         </BuildActionEntry>
      </BuildActionEntries>
   </BuildAction>
   <TestAction
      selectedDebuggerIdentifier = "Xcode.DebuggerFoundation.Debugger.LLDB"
      selectedLauncherIdentifier = "Xcode.DebuggerFoundation.Launcher.LLDB"
      shouldUseLaunchSchemeArgsEnv = "YES"
      buildConfiguration = "Debug">
      <Testables>
         <TestableReference
            skipped = "NO">
            <BuildableReference
               BuildableIdentifier = "primary"
               BlueprintIdentifier = "EAD4B57419D5CB50007B6636"
               BuildableName = "FlickSKKTests.xctest"
               BlueprintName = "FlickSKKTests"
               ReferencedContainer = "container:FlickSKK.xcodeproj">
            </BuildableReference>
         </TestableReference>
      </Testables>
      <MacroExpansion>
         <BuildableReference
            BuildableIdentifier = "primary"
            BlueprintIdentifier = "EAD4B55F19D5CB50007B6636"
            BuildableName = "FlickSKK.app"
            BlueprintName = "FlickSKK"
            ReferencedContainer = "container:FlickSKK.xcodeproj">
         </BuildableReference>
      </MacroExpansion>
   </TestAction>
   <LaunchAction
      selectedDebuggerIdentifier = ""
      selectedLauncherIdentifier = "Xcode.IDEFoundation.Launcher.PosixSpawn"
      launchStyle = "0"
      askForAppToLaunch = "Yes"
      useCustomWorkingDirectory = "NO"
      buildConfiguration = "Debug"
      ignoresPersistentStateOnLaunch = "NO"
      debugDocumentVersioning = "YES"
      allowLocationSimulation = "YES"
      language = "ja"
      region = "JP"
      launchAutomaticallySubstyle = "2">
      <PathRunnable
         FilePath = "/Users/banjun/Library/Developer/Xcode/DerivedData/FlickSKK-hasgivwzrzxwtngrnsqldokwtyez/Build/Products/FlickSKKKeyboard">
      </PathRunnable>
      <MacroExpansion>
         <BuildableReference
            BuildableIdentifier = "primary"
            BlueprintIdentifier = "EAD4B55F19D5CB50007B6636"
            BuildableName = "FlickSKK.app"
            BlueprintName = "FlickSKK"
            ReferencedContainer = "container:FlickSKK.xcodeproj">
         </BuildableReference>
      </MacroExpansion>
      <AdditionalOptions>
      </AdditionalOptions>
      <IDERemoteRunnable
         RemotePath = "/var/mobile/Containers/Bundle/Application/99BECA51-BAE1-409F-B6D1-08A440C31C69/asakusasatellite.app"
         BundleIdentifier = "/var/mobile/Containers/Bundle/Application/99BECA51-BAE1-409F-B6D1-08A440C31C69/asakusasatellite.app">
      </IDERemoteRunnable>
   </LaunchAction>
   <ProfileAction
      shouldUseLaunchSchemeArgsEnv = "YES"
      savedToolIdentifier = ""
      useCustomWorkingDirectory = "NO"
      buildConfiguration = "Release"
      debugDocumentVersioning = "YES"
      launchAutomaticallySubstyle = "2">
      <BuildableProductRunnable
         runnableDebuggingMode = "0">
         <BuildableReference
            BuildableIdentifier = "primary"
            BlueprintIdentifier = "EAD4B55F19D5CB50007B6636"
            BuildableName = "FlickSKK.app"
            BlueprintName = "FlickSKK"
            ReferencedContainer = "container:FlickSKK.xcodeproj">
         </BuildableReference>
      </BuildableProductRunnable>
   </ProfileAction>
   <AnalyzeAction
      buildConfiguration = "Debug">
   </AnalyzeAction>
   <ArchiveAction
      buildConfiguration = "Release"
      revealArchiveInOrganizer = "YES">
   </ArchiveAction>
</Scheme>
